// !$*UTF8*$!
{
	archiveVersion = 1;
	classes = {
	};
	objectVersion = 56;
	objects = {

/* Begin PBXBuildFile section */
		AE3DB3AF2DA192BC0032901D /* REAApp.swift in Sources */ = {isa = PBXBuildFile; fileRef = AE3DB3AE2DA192BC0032901D /* REAApp.swift */; };
		AE3DB3B32DA192BF0032901D /* Assets.xcassets in Resources */ = {isa = PBXBuildFile; fileRef = AE3DB3B22DA192BF0032901D /* Assets.xcassets */; };
		AE3DB3B72DA192BF0032901D /* Preview Assets.xcassets in Resources */ = {isa = PBXBuildFile; fileRef = AE3DB3B62DA192BF0032901D /* Preview Assets.xcassets */; };
		AE3DB3C12DA192C00032901D /* REATests.swift in Sources */ = {isa = PBXBuildFile; fileRef = AE3DB3C02DA192C00032901D /* REATests.swift */; };
		AE3DB3CB2DA192C00032901D /* REAUITests.swift in Sources */ = {isa = PBXBuildFile; fileRef = AE3DB3CA2DA192C00032901D /* REAUITests.swift */; };
		AE3DB3CD2DA192C00032901D /* REAUITestsLaunchTests.swift in Sources */ = {isa = PBXBuildFile; fileRef = AE3DB3CC2DA192C00032901D /* REAUITestsLaunchTests.swift */; };
		AE3DB3DD2DA193E30032901D /* Question.swift in Sources */ = {isa = PBXBuildFile; fileRef = AE3DB3DC2DA193E30032901D /* Question.swift */; };
		AE3DB3DF2DA194030032901D /* QuestionViewModel.swift in Sources */ = {isa = PBXBuildFile; fileRef = AE3DB3DE2DA194030032901D /* QuestionViewModel.swift */; };
		AE3DB3E12DA194140032901D /* ContentView.swift in Sources */ = {isa = PBXBuildFile; fileRef = AE3DB3E02DA194140032901D /* ContentView.swift */; };
		AE3DB3E32DA1B8B10032901D /* BibleQuestionBank.swift in Sources */ = {isa = PBXBuildFile; fileRef = AE3DB3E22DA1B8B10032901D /* BibleQuestionBank.swift */; };
		AE3DB3E52DA1BA750032901D /* SelectionView.swift in Sources */ = {isa = PBXBuildFile; fileRef = AE3DB3E42DA1BA750032901D /* SelectionView.swift */; };
		AE3DB3EF2DACA20B0032901D /* LaunchScreenView.swift in Sources */ = {isa = PBXBuildFile; fileRef = AE3DB3EE2DACA20B0032901D /* LaunchScreenView.swift */; };
		AE3DB3F52DACAEF40032901D /* OptionView.swift in Sources */ = {isa = PBXBuildFile; fileRef = AE3DB3F42DACAEF30032901D /* OptionView.swift */; };
		AE68B9112DB29A870010C529 /* biblequest_logo2.png in Resources */ = {isa = PBXBuildFile; fileRef = AE68B9102DB29A870010C529 /* biblequest_logo2.png */; };
		AEA276122DAF2F36007618C1 /* ButtonStyles.swift in Sources */ = {isa = PBXBuildFile; fileRef = AEA276112DAF2F36007618C1 /* ButtonStyles.swift */; };
		AEA276142DAF2F67007618C1 /* ViewModifiers.swift in Sources */ = {isa = PBXBuildFile; fileRef = AEA276132DAF2F67007618C1 /* ViewModifiers.swift */; };
		AEA276162DAF2F77007618C1 /* AppTheme.swift in Sources */ = {isa = PBXBuildFile; fileRef = AEA276152DAF2F77007618C1 /* AppTheme.swift */; };
		AEA276182DAF2F7A007618C1 /* AnimationUtils.swift in Sources */ = {isa = PBXBuildFile; fileRef = AEA276172DAF2F7A007618C1 /* AnimationUtils.swift */; };
		AEA276272DAF3C1F007618C1 /* QuestionsDataLoader.swift in Sources */ = {isa = PBXBuildFile; fileRef = AEA276252DAF3C1F007618C1 /* QuestionsDataLoader.swift */; };
		AEA276282DAF3C1F007618C1 /* exodus.json in Resources */ = {isa = PBXBuildFile; fileRef = AEA276262DAF3C1F007618C1 /* exodus.json */; };
		AED148152DB2DAEE008FE102 /* genesis.json in Resources */ = {isa = PBXBuildFile; fileRef = AED148142DB2DAEE008FE102 /* genesis.json */; };
		AED148172DB2E1D9008FE102 /* leviticus.json in Resources */ = {isa = PBXBuildFile; fileRef = AED148162DB2E1D9008FE102 /* leviticus.json */; };
		AED148192DB35035008FE102 /* numbers.json in Resources */ = {isa = PBXBuildFile; fileRef = AED148182DB35035008FE102 /* numbers.json */; };
		AED1481B2DB35436008FE102 /* deuteronomy.json in Resources */ = {isa = PBXBuildFile; fileRef = AED1481A2DB35436008FE102 /* deuteronomy.json */; };
		AED1481E2DB3CB95008FE102 /* joshua.json in Resources */ = {isa = PBXBuildFile; fileRef = AED1481C2DB3CB95008FE102 /* joshua.json */; };
		AED1481F2DB3CB95008FE102 /* judges.json in Resources */ = {isa = PBXBuildFile; fileRef = AED1481D2DB3CB95008FE102 /* judges.json */; };
		AEDD2C602DB45F84005722C1 /* 1_samuel.json in Resources */ = {isa = PBXBuildFile; fileRef = AEDD2C5E2DB45F84005722C1 /* 1_samuel.json */; };
		AEDD2C612DB45F84005722C1 /* ruth.json in Resources */ = {isa = PBXBuildFile; fileRef = AEDD2C5F2DB45F84005722C1 /* ruth.json */; };
		AEDD2C632DB48A91005722C1 /* 2_samuel.json in Resources */ = {isa = PBXBuildFile; fileRef = AEDD2C622DB48A91005722C1 /* 2_samuel.json */; };
		AEDD2C662DB5D9E5005722C1 /* 1_kings.json in Resources */ = {isa = PBXBuildFile; fileRef = AEDD2C642DB5D9E5005722C1 /* 1_kings.json */; };
		AEDD2C672DB5D9E5005722C1 /* 2_kings.json in Resources */ = {isa = PBXBuildFile; fileRef = AEDD2C652DB5D9E5005722C1 /* 2_kings.json */; };
		AEDD2C6A2DB5E83B005722C1 /* 1_chronicles.json in Resources */ = {isa = PBXBuildFile; fileRef = AEDD2C682DB5E83B005722C1 /* 1_chronicles.json */; };
		AEDD2C6B2DB5E83B005722C1 /* 2_chronicles.json in Resources */ = {isa = PBXBuildFile; fileRef = AEDD2C692DB5E83B005722C1 /* 2_chronicles.json */; };
		AEDD2CA02DB888B7005722C1 /* job.json in Resources */ = {isa = PBXBuildFile; fileRef = AEDD2C6C2DB888B1005722C1 /* job.json */; };
		AEDD2CA12DB888B7005722C1 /* esther.json in Resources */ = {isa = PBXBuildFile; fileRef = AEDD2C6D2DB888B1005722C1 /* esther.json */; };
		AEDD2CA22DB888B7005722C1 /* acts.json in Resources */ = {isa = PBXBuildFile; fileRef = AEDD2C6E2DB888B1005722C1 /* acts.json */; };
		AEDD2CA32DB888B7005722C1 /* 1_john.json in Resources */ = {isa = PBXBuildFile; fileRef = AEDD2C6F2DB888B1005722C1 /* 1_john.json */; };
		AEDD2CA42DB888B7005722C1 /* zephaniah.json in Resources */ = {isa = PBXBuildFile; fileRef = AEDD2C702DB888B2005722C1 /* zephaniah.json */; };
		AEDD2CA52DB888B7005722C1 /* colossians.json in Resources */ = {isa = PBXBuildFile; fileRef = AEDD2C712DB888B2005722C1 /* colossians.json */; };
		AEDD2CA62DB888B7005722C1 /* galatians.json in Resources */ = {isa = PBXBuildFile; fileRef = AEDD2C722DB888B2005722C1 /* galatians.json */; };
		AEDD2CA72DB888B7005722C1 /* revelation.json in Resources */ = {isa = PBXBuildFile; fileRef = AEDD2C732DB888B2005722C1 /* revelation.json */; };
		AEDD2CA82DB888B7005722C1 /* proverbs.json in Resources */ = {isa = PBXBuildFile; fileRef = AEDD2C742DB888B2005722C1 /* proverbs.json */; };
		AEDD2CA92DB888B7005722C1 /* ecclesiastes.json in Resources */ = {isa = PBXBuildFile; fileRef = AEDD2C752DB888B2005722C1 /* ecclesiastes.json */; };
		AEDD2CAA2DB888B7005722C1 /* romans.json in Resources */ = {isa = PBXBuildFile; fileRef = AEDD2C762DB888B2005722C1 /* romans.json */; };
		AEDD2CAB2DB888B7005722C1 /* amos.json in Resources */ = {isa = PBXBuildFile; fileRef = AEDD2C772DB888B2005722C1 /* amos.json */; };
		AEDD2CAC2DB888B7005722C1 /* zechariah.json in Resources */ = {isa = PBXBuildFile; fileRef = AEDD2C782DB888B3005722C1 /* zechariah.json */; };
		AEDD2CAD2DB888B7005722C1 /* isaiah.json in Resources */ = {isa = PBXBuildFile; fileRef = AEDD2C792DB888B3005722C1 /* isaiah.json */; };
		AEDD2CAE2DB888B7005722C1 /* psalms.json in Resources */ = {isa = PBXBuildFile; fileRef = AEDD2C7A2DB888B3005722C1 /* psalms.json */; };
		AEDD2CAF2DB888B7005722C1 /* habakkuk.json in Resources */ = {isa = PBXBuildFile; fileRef = AEDD2C7B2DB888B3005722C1 /* habakkuk.json */; };
		AEDD2CB02DB888B7005722C1 /* nehemiah.json in Resources */ = {isa = PBXBuildFile; fileRef = AEDD2C7C2DB888B3005722C1 /* nehemiah.json */; };
		AEDD2CB12DB888B7005722C1 /* song_of_solomon.json in Resources */ = {isa = PBXBuildFile; fileRef = AEDD2C7D2DB888B3005722C1 /* song_of_solomon.json */; };
		AEDD2CB22DB888B7005722C1 /* luke.json in Resources */ = {isa = PBXBuildFile; fileRef = AEDD2C7E2DB888B3005722C1 /* luke.json */; };
		AEDD2CB32DB888B7005722C1 /* james.json in Resources */ = {isa = PBXBuildFile; fileRef = AEDD2C7F2DB888B3005722C1 /* james.json */; };
		AEDD2CB42DB888B7005722C1 /* micah.json in Resources */ = {isa = PBXBuildFile; fileRef = AEDD2C802DB888B3005722C1 /* micah.json */; };
		AEDD2CB52DB888B7005722C1 /* nahum.json in Resources */ = {isa = PBXBuildFile; fileRef = AEDD2C812DB888B3005722C1 /* nahum.json */; };
		AEDD2CB62DB888B7005722C1 /* matthew.json in Resources */ = {isa = PBXBuildFile; fileRef = AEDD2C822DB888B4005722C1 /* matthew.json */; };
		AEDD2CB72DB888B7005722C1 /* hosea.json in Resources */ = {isa = PBXBuildFile; fileRef = AEDD2C832DB888B4005722C1 /* hosea.json */; };
		AEDD2CB82DB888B7005722C1 /* jeremiah.json in Resources */ = {isa = PBXBuildFile; fileRef = AEDD2C842DB888B4005722C1 /* jeremiah.json */; };
		AEDD2CB92DB888B7005722C1 /* obadiah.json in Resources */ = {isa = PBXBuildFile; fileRef = AEDD2C852DB888B4005722C1 /* obadiah.json */; };
		AEDD2CBA2DB888B7005722C1 /* 2_timothy.json in Resources */ = {isa = PBXBuildFile; fileRef = AEDD2C862DB888B4005722C1 /* 2_timothy.json */; };
		AEDD2CBB2DB888B7005722C1 /* philemon.json in Resources */ = {isa = PBXBuildFile; fileRef = AEDD2C872DB888B4005722C1 /* philemon.json */; };
		AEDD2CBC2DB888B7005722C1 /* philippians.json in Resources */ = {isa = PBXBuildFile; fileRef = AEDD2C882DB888B4005722C1 /* philippians.json */; };
		AEDD2CBD2DB888B7005722C1 /* joel.json in Resources */ = {isa = PBXBuildFile; fileRef = AEDD2C892DB888B4005722C1 /* joel.json */; };
		AEDD2CBE2DB888B7005722C1 /* daniel.json in Resources */ = {isa = PBXBuildFile; fileRef = AEDD2C8A2DB888B4005722C1 /* daniel.json */; };
		AEDD2CBF2DB888B7005722C1 /* lamentations.json in Resources */ = {isa = PBXBuildFile; fileRef = AEDD2C8B2DB888B5005722C1 /* lamentations.json */; };
		AEDD2CC02DB888B7005722C1 /* jonah.json in Resources */ = {isa = PBXBuildFile; fileRef = AEDD2C8C2DB888B5005722C1 /* jonah.json */; };
		AEDD2CC12DB888B7005722C1 /* john.json in Resources */ = {isa = PBXBuildFile; fileRef = AEDD2C8D2DB888B5005722C1 /* john.json */; };
		AEDD2CC22DB888B7005722C1 /* jude.json in Resources */ = {isa = PBXBuildFile; fileRef = AEDD2C8E2DB888B5005722C1 /* jude.json */; };
		AEDD2CC32DB888B7005722C1 /* 1_timothy.json in Resources */ = {isa = PBXBuildFile; fileRef = AEDD2C8F2DB888B5005722C1 /* 1_timothy.json */; };
		AEDD2CC42DB888B7005722C1 /* 1_corinthians.json in Resources */ = {isa = PBXBuildFile; fileRef = AEDD2C902DB888B5005722C1 /* 1_corinthians.json */; };
		AEDD2CC52DB888B7005722C1 /* mark.json in Resources */ = {isa = PBXBuildFile; fileRef = AEDD2C912DB888B5005722C1 /* mark.json */; };
		AEDD2CC62DB888B7005722C1 /* 1_thessalonians.json in Resources */ = {isa = PBXBuildFile; fileRef = AEDD2C922DB888B5005722C1 /* 1_thessalonians.json */; };
		AEDD2CC72DB888B7005722C1 /* ephesians.json in Resources */ = {isa = PBXBuildFile; fileRef = AEDD2C932DB888B5005722C1 /* ephesians.json */; };
		AEDD2CC82DB888B7005722C1 /* malachi.json in Resources */ = {isa = PBXBuildFile; fileRef = AEDD2C942DB888B6005722C1 /* malachi.json */; };
		AEDD2CC92DB888B7005722C1 /* 1_peter.json in Resources */ = {isa = PBXBuildFile; fileRef = AEDD2C952DB888B6005722C1 /* 1_peter.json */; };
		AEDD2CCA2DB888B7005722C1 /* titus.json in Resources */ = {isa = PBXBuildFile; fileRef = AEDD2C962DB888B6005722C1 /* titus.json */; };
		AEDD2CCB2DB888B7005722C1 /* haggai.json in Resources */ = {isa = PBXBuildFile; fileRef = AEDD2C972DB888B6005722C1 /* haggai.json */; };
		AEDD2CCC2DB888B7005722C1 /* 2_thessalonians.json in Resources */ = {isa = PBXBuildFile; fileRef = AEDD2C982DB888B6005722C1 /* 2_thessalonians.json */; };
		AEDD2CCD2DB888B7005722C1 /* 2_peter.json in Resources */ = {isa = PBXBuildFile; fileRef = AEDD2C992DB888B6005722C1 /* 2_peter.json */; };
		AEDD2CCE2DB888B7005722C1 /* 2_corinthians.json in Resources */ = {isa = PBXBuildFile; fileRef = AEDD2C9A2DB888B6005722C1 /* 2_corinthians.json */; };
		AEDD2CCF2DB888B7005722C1 /* ezekiel.json in Resources */ = {isa = PBXBuildFile; fileRef = AEDD2C9B2DB888B6005722C1 /* ezekiel.json */; };
		AEDD2CD02DB888B7005722C1 /* hebrews.json in Resources */ = {isa = PBXBuildFile; fileRef = AEDD2C9C2DB888B6005722C1 /* hebrews.json */; };
		AEDD2CD12DB888B7005722C1 /* ezra.json in Resources */ = {isa = PBXBuildFile; fileRef = AEDD2C9D2DB888B7005722C1 /* ezra.json */; };
		AEDD2CD22DB888B7005722C1 /* 3_john.json in Resources */ = {isa = PBXBuildFile; fileRef = AEDD2C9E2DB888B7005722C1 /* 3_john.json */; };
		AEDD2CD32DB888B7005722C1 /* 2_john.json in Resources */ = {isa = PBXBuildFile; fileRef = AEDD2C9F2DB888B7005722C1 /* 2_john.json */; };
/* End PBXBuildFile section */

/* Begin PBXContainerItemProxy section */
		AE3DB3BD2DA192C00032901D /* PBXContainerItemProxy */ = {
			isa = PBXContainerItemProxy;
			containerPortal = AE3DB3A32DA192BC0032901D /* Project object */;
			proxyType = 1;
			remoteGlobalIDString = AE3DB3AA2DA192BC0032901D;
			remoteInfo = REA;
		};
		AE3DB3C72DA192C00032901D /* PBXContainerItemProxy */ = {
			isa = PBXContainerItemProxy;
			containerPortal = AE3DB3A32DA192BC0032901D /* Project object */;
			proxyType = 1;
			remoteGlobalIDString = AE3DB3AA2DA192BC0032901D;
			remoteInfo = REA;
		};
/* End PBXContainerItemProxy section */

/* Begin PBXFileReference section */
		AE3DB3AB2DA192BC0032901D /* Biblitz.app */ = {isa = PBXFileReference; explicitFileType = wrapper.application; includeInIndex = 0; path = Biblitz.app; sourceTree = BUILT_PRODUCTS_DIR; };
		AE3DB3AE2DA192BC0032901D /* REAApp.swift */ = {isa = PBXFileReference; lastKnownFileType = sourcecode.swift; path = REAApp.swift; sourceTree = "<group>"; };
		AE3DB3B22DA192BF0032901D /* Assets.xcassets */ = {isa = PBXFileReference; lastKnownFileType = folder.assetcatalog; path = Assets.xcassets; sourceTree = "<group>"; };
		AE3DB3B42DA192BF0032901D /* REA.entitlements */ = {isa = PBXFileReference; lastKnownFileType = text.plist.entitlements; path = REA.entitlements; sourceTree = "<group>"; };
		AE3DB3B62DA192BF0032901D /* Preview Assets.xcassets */ = {isa = PBXFileReference; lastKnownFileType = folder.assetcatalog; path = "Preview Assets.xcassets"; sourceTree = "<group>"; };
		AE3DB3BC2DA192C00032901D /* BiblitzTests.xctest */ = {isa = PBXFileReference; explicitFileType = wrapper.cfbundle; includeInIndex = 0; path = BiblitzTests.xctest; sourceTree = BUILT_PRODUCTS_DIR; };
		AE3DB3C02DA192C00032901D /* REATests.swift */ = {isa = PBXFileReference; lastKnownFileType = sourcecode.swift; path = REATests.swift; sourceTree = "<group>"; };
		AE3DB3C62DA192C00032901D /* BiblitzUITests.xctest */ = {isa = PBXFileReference; explicitFileType = wrapper.cfbundle; includeInIndex = 0; path = BiblitzUITests.xctest; sourceTree = BUILT_PRODUCTS_DIR; };
		AE3DB3CA2DA192C00032901D /* REAUITests.swift */ = {isa = PBXFileReference; lastKnownFileType = sourcecode.swift; path = REAUITests.swift; sourceTree = "<group>"; };
		AE3DB3CC2DA192C00032901D /* REAUITestsLaunchTests.swift */ = {isa = PBXFileReference; lastKnownFileType = sourcecode.swift; path = REAUITestsLaunchTests.swift; sourceTree = "<group>"; };
		AE3DB3DC2DA193E30032901D /* Question.swift */ = {isa = PBXFileReference; lastKnownFileType = sourcecode.swift; path = Question.swift; sourceTree = "<group>"; };
		AE3DB3DE2DA194030032901D /* QuestionViewModel.swift */ = {isa = PBXFileReference; lastKnownFileType = sourcecode.swift; path = QuestionViewModel.swift; sourceTree = "<group>"; };
		AE3DB3E02DA194140032901D /* ContentView.swift */ = {isa = PBXFileReference; lastKnownFileType = sourcecode.swift; path = ContentView.swift; sourceTree = "<group>"; };
		AE3DB3E22DA1B8B10032901D /* BibleQuestionBank.swift */ = {isa = PBXFileReference; lastKnownFileType = sourcecode.swift; path = BibleQuestionBank.swift; sourceTree = "<group>"; };
		AE3DB3E42DA1BA750032901D /* SelectionView.swift */ = {isa = PBXFileReference; lastKnownFileType = sourcecode.swift; path = SelectionView.swift; sourceTree = "<group>"; };
		AE3DB3EE2DACA20B0032901D /* LaunchScreenView.swift */ = {isa = PBXFileReference; fileEncoding = 4; lastKnownFileType = sourcecode.swift; path = LaunchScreenView.swift; sourceTree = "<group>"; };
		AE3DB3F22DACA2610032901D /* Info.plist */ = {isa = PBXFileReference; fileEncoding = 4; lastKnownFileType = text.plist.xml; path = Info.plist; sourceTree = "<group>"; };
		AE3DB3F42DACAEF30032901D /* OptionView.swift */ = {isa = PBXFileReference; fileEncoding = 4; lastKnownFileType = sourcecode.swift; path = OptionView.swift; sourceTree = "<group>"; };
		AE68B9102DB29A870010C529 /* biblequest_logo2.png */ = {isa = PBXFileReference; lastKnownFileType = image.png; path = biblequest_logo2.png; sourceTree = "<group>"; };
		AEA276112DAF2F36007618C1 /* ButtonStyles.swift */ = {isa = PBXFileReference; fileEncoding = 4; lastKnownFileType = sourcecode.swift; path = ButtonStyles.swift; sourceTree = "<group>"; };
		AEA276132DAF2F67007618C1 /* ViewModifiers.swift */ = {isa = PBXFileReference; lastKnownFileType = sourcecode.swift; path = ViewModifiers.swift; sourceTree = "<group>"; };
		AEA276152DAF2F77007618C1 /* AppTheme.swift */ = {isa = PBXFileReference; lastKnownFileType = sourcecode.swift; path = AppTheme.swift; sourceTree = "<group>"; };
		AEA276172DAF2F7A007618C1 /* AnimationUtils.swift */ = {isa = PBXFileReference; lastKnownFileType = sourcecode.swift; path = AnimationUtils.swift; sourceTree = "<group>"; };
		AEA276252DAF3C1F007618C1 /* QuestionsDataLoader.swift */ = {isa = PBXFileReference; fileEncoding = 4; lastKnownFileType = sourcecode.swift; name = QuestionsDataLoader.swift; path = REA/Data/QuestionsDataLoader.swift; sourceTree = SOURCE_ROOT; };
		AEA276262DAF3C1F007618C1 /* exodus.json */ = {isa = PBXFileReference; fileEncoding = 4; lastKnownFileType = text.json; name = exodus.json; path = REA/Data/exodus.json; sourceTree = SOURCE_ROOT; };
		AED148142DB2DAEE008FE102 /* genesis.json */ = {isa = PBXFileReference; fileEncoding = 4; lastKnownFileType = text.json; name = genesis.json; path = REA/Data/genesis.json; sourceTree = SOURCE_ROOT; };
		AED148162DB2E1D9008FE102 /* leviticus.json */ = {isa = PBXFileReference; fileEncoding = 4; lastKnownFileType = text.json; name = leviticus.json; path = REA/Data/leviticus.json; sourceTree = SOURCE_ROOT; };
		AED148182DB35035008FE102 /* numbers.json */ = {isa = PBXFileReference; fileEncoding = 4; lastKnownFileType = text.json; name = numbers.json; path = REA/Data/numbers.json; sourceTree = SOURCE_ROOT; };
		AED1481A2DB35436008FE102 /* deuteronomy.json */ = {isa = PBXFileReference; fileEncoding = 4; lastKnownFileType = text.json; name = deuteronomy.json; path = REA/Data/deuteronomy.json; sourceTree = SOURCE_ROOT; };
		AED1481C2DB3CB95008FE102 /* joshua.json */ = {isa = PBXFileReference; fileEncoding = 4; lastKnownFileType = text.json; name = joshua.json; path = REA/Data/joshua.json; sourceTree = SOURCE_ROOT; };
		AED1481D2DB3CB95008FE102 /* judges.json */ = {isa = PBXFileReference; fileEncoding = 4; lastKnownFileType = text.json; name = judges.json; path = REA/Data/judges.json; sourceTree = SOURCE_ROOT; };
		AEDD2C5E2DB45F84005722C1 /* 1_samuel.json */ = {isa = PBXFileReference; fileEncoding = 4; lastKnownFileType = text.json; name = 1_samuel.json; path = REA/Data/1_samuel.json; sourceTree = SOURCE_ROOT; };
		AEDD2C5F2DB45F84005722C1 /* ruth.json */ = {isa = PBXFileReference; fileEncoding = 4; lastKnownFileType = text.json; name = ruth.json; path = REA/Data/ruth.json; sourceTree = SOURCE_ROOT; };
		AEDD2C622DB48A91005722C1 /* 2_samuel.json */ = {isa = PBXFileReference; fileEncoding = 4; lastKnownFileType = text.json; name = 2_samuel.json; path = REA/Data/2_samuel.json; sourceTree = SOURCE_ROOT; };
		AEDD2C642DB5D9E5005722C1 /* 1_kings.json */ = {isa = PBXFileReference; fileEncoding = 4; lastKnownFileType = text.json; name = 1_kings.json; path = REA/Data/1_kings.json; sourceTree = SOURCE_ROOT; };
		AEDD2C652DB5D9E5005722C1 /* 2_kings.json */ = {isa = PBXFileReference; fileEncoding = 4; lastKnownFileType = text.json; name = 2_kings.json; path = REA/Data/2_kings.json; sourceTree = SOURCE_ROOT; };
		AEDD2C682DB5E83B005722C1 /* 1_chronicles.json */ = {isa = PBXFileReference; fileEncoding = 4; lastKnownFileType = text.json; name = 1_chronicles.json; path = REA/Data/1_chronicles.json; sourceTree = SOURCE_ROOT; };
		AEDD2C692DB5E83B005722C1 /* 2_chronicles.json */ = {isa = PBXFileReference; fileEncoding = 4; lastKnownFileType = text.json; name = 2_chronicles.json; path = REA/Data/2_chronicles.json; sourceTree = SOURCE_ROOT; };
		AEDD2C6C2DB888B1005722C1 /* job.json */ = {isa = PBXFileReference; fileEncoding = 4; lastKnownFileType = text.json; name = job.json; path = REA/Data/job.json; sourceTree = SOURCE_ROOT; };
		AEDD2C6D2DB888B1005722C1 /* esther.json */ = {isa = PBXFileReference; fileEncoding = 4; lastKnownFileType = text.json; name = esther.json; path = REA/Data/esther.json; sourceTree = SOURCE_ROOT; };
		AEDD2C6E2DB888B1005722C1 /* acts.json */ = {isa = PBXFileReference; fileEncoding = 4; lastKnownFileType = text.json; name = acts.json; path = REA/Data/acts.json; sourceTree = SOURCE_ROOT; };
		AEDD2C6F2DB888B1005722C1 /* 1_john.json */ = {isa = PBXFileReference; fileEncoding = 4; lastKnownFileType = text.json; name = 1_john.json; path = REA/Data/1_john.json; sourceTree = SOURCE_ROOT; };
		AEDD2C702DB888B2005722C1 /* zephaniah.json */ = {isa = PBXFileReference; fileEncoding = 4; lastKnownFileType = text.json; name = zephaniah.json; path = REA/Data/zephaniah.json; sourceTree = SOURCE_ROOT; };
		AEDD2C712DB888B2005722C1 /* colossians.json */ = {isa = PBXFileReference; fileEncoding = 4; lastKnownFileType = text.json; name = colossians.json; path = REA/Data/colossians.json; sourceTree = SOURCE_ROOT; };
		AEDD2C722DB888B2005722C1 /* galatians.json */ = {isa = PBXFileReference; fileEncoding = 4; lastKnownFileType = text.json; name = galatians.json; path = REA/Data/galatians.json; sourceTree = SOURCE_ROOT; };
		AEDD2C732DB888B2005722C1 /* revelation.json */ = {isa = PBXFileReference; fileEncoding = 4; lastKnownFileType = text.json; name = revelation.json; path = REA/Data/revelation.json; sourceTree = SOURCE_ROOT; };
		AEDD2C742DB888B2005722C1 /* proverbs.json */ = {isa = PBXFileReference; fileEncoding = 4; lastKnownFileType = text.json; name = proverbs.json; path = REA/Data/proverbs.json; sourceTree = SOURCE_ROOT; };
		AEDD2C752DB888B2005722C1 /* ecclesiastes.json */ = {isa = PBXFileReference; fileEncoding = 4; lastKnownFileType = text.json; name = ecclesiastes.json; path = REA/Data/ecclesiastes.json; sourceTree = SOURCE_ROOT; };
		AEDD2C762DB888B2005722C1 /* romans.json */ = {isa = PBXFileReference; fileEncoding = 4; lastKnownFileType = text.json; name = romans.json; path = REA/Data/romans.json; sourceTree = SOURCE_ROOT; };
		AEDD2C772DB888B2005722C1 /* amos.json */ = {isa = PBXFileReference; fileEncoding = 4; lastKnownFileType = text.json; name = amos.json; path = REA/Data/amos.json; sourceTree = SOURCE_ROOT; };
		AEDD2C782DB888B3005722C1 /* zechariah.json */ = {isa = PBXFileReference; fileEncoding = 4; lastKnownFileType = text.json; name = zechariah.json; path = REA/Data/zechariah.json; sourceTree = SOURCE_ROOT; };
		AEDD2C792DB888B3005722C1 /* isaiah.json */ = {isa = PBXFileReference; fileEncoding = 4; lastKnownFileType = text.json; name = isaiah.json; path = REA/Data/isaiah.json; sourceTree = SOURCE_ROOT; };
		AEDD2C7A2DB888B3005722C1 /* psalms.json */ = {isa = PBXFileReference; fileEncoding = 4; lastKnownFileType = text.json; name = psalms.json; path = REA/Data/psalms.json; sourceTree = SOURCE_ROOT; };
		AEDD2C7B2DB888B3005722C1 /* habakkuk.json */ = {isa = PBXFileReference; fileEncoding = 4; lastKnownFileType = text.json; name = habakkuk.json; path = REA/Data/habakkuk.json; sourceTree = SOURCE_ROOT; };
		AEDD2C7C2DB888B3005722C1 /* nehemiah.json */ = {isa = PBXFileReference; fileEncoding = 4; lastKnownFileType = text.json; name = nehemiah.json; path = REA/Data/nehemiah.json; sourceTree = SOURCE_ROOT; };
		AEDD2C7D2DB888B3005722C1 /* song_of_solomon.json */ = {isa = PBXFileReference; fileEncoding = 4; lastKnownFileType = text.json; name = song_of_solomon.json; path = REA/Data/song_of_solomon.json; sourceTree = SOURCE_ROOT; };
		AEDD2C7E2DB888B3005722C1 /* luke.json */ = {isa = PBXFileReference; fileEncoding = 4; lastKnownFileType = text.json; name = luke.json; path = REA/Data/luke.json; sourceTree = SOURCE_ROOT; };
		AEDD2C7F2DB888B3005722C1 /* james.json */ = {isa = PBXFileReference; fileEncoding = 4; lastKnownFileType = text.json; name = james.json; path = REA/Data/james.json; sourceTree = SOURCE_ROOT; };
		AEDD2C802DB888B3005722C1 /* micah.json */ = {isa = PBXFileReference; fileEncoding = 4; lastKnownFileType = text.json; name = micah.json; path = REA/Data/micah.json; sourceTree = SOURCE_ROOT; };
		AEDD2C812DB888B3005722C1 /* nahum.json */ = {isa = PBXFileReference; fileEncoding = 4; lastKnownFileType = text.json; name = nahum.json; path = REA/Data/nahum.json; sourceTree = SOURCE_ROOT; };
		AEDD2C822DB888B4005722C1 /* matthew.json */ = {isa = PBXFileReference; fileEncoding = 4; lastKnownFileType = text.json; name = matthew.json; path = REA/Data/matthew.json; sourceTree = SOURCE_ROOT; };
		AEDD2C832DB888B4005722C1 /* hosea.json */ = {isa = PBXFileReference; fileEncoding = 4; lastKnownFileType = text.json; name = hosea.json; path = REA/Data/hosea.json; sourceTree = SOURCE_ROOT; };
		AEDD2C842DB888B4005722C1 /* jeremiah.json */ = {isa = PBXFileReference; fileEncoding = 4; lastKnownFileType = text.json; name = jeremiah.json; path = REA/Data/jeremiah.json; sourceTree = SOURCE_ROOT; };
		AEDD2C852DB888B4005722C1 /* obadiah.json */ = {isa = PBXFileReference; fileEncoding = 4; lastKnownFileType = text.json; name = obadiah.json; path = REA/Data/obadiah.json; sourceTree = SOURCE_ROOT; };
		AEDD2C862DB888B4005722C1 /* 2_timothy.json */ = {isa = PBXFileReference; fileEncoding = 4; lastKnownFileType = text.json; name = 2_timothy.json; path = REA/Data/2_timothy.json; sourceTree = SOURCE_ROOT; };
		AEDD2C872DB888B4005722C1 /* philemon.json */ = {isa = PBXFileReference; fileEncoding = 4; lastKnownFileType = text.json; name = philemon.json; path = REA/Data/philemon.json; sourceTree = SOURCE_ROOT; };
		AEDD2C882DB888B4005722C1 /* philippians.json */ = {isa = PBXFileReference; fileEncoding = 4; lastKnownFileType = text.json; name = philippians.json; path = REA/Data/philippians.json; sourceTree = SOURCE_ROOT; };
		AEDD2C892DB888B4005722C1 /* joel.json */ = {isa = PBXFileReference; fileEncoding = 4; lastKnownFileType = text.json; name = joel.json; path = REA/Data/joel.json; sourceTree = SOURCE_ROOT; };
		AEDD2C8A2DB888B4005722C1 /* daniel.json */ = {isa = PBXFileReference; fileEncoding = 4; lastKnownFileType = text.json; name = daniel.json; path = REA/Data/daniel.json; sourceTree = SOURCE_ROOT; };
		AEDD2C8B2DB888B5005722C1 /* lamentations.json */ = {isa = PBXFileReference; fileEncoding = 4; lastKnownFileType = text.json; name = lamentations.json; path = REA/Data/lamentations.json; sourceTree = SOURCE_ROOT; };
		AEDD2C8C2DB888B5005722C1 /* jonah.json */ = {isa = PBXFileReference; fileEncoding = 4; lastKnownFileType = text.json; name = jonah.json; path = REA/Data/jonah.json; sourceTree = SOURCE_ROOT; };
		AEDD2C8D2DB888B5005722C1 /* john.json */ = {isa = PBXFileReference; fileEncoding = 4; lastKnownFileType = text.json; name = john.json; path = REA/Data/john.json; sourceTree = SOURCE_ROOT; };
		AEDD2C8E2DB888B5005722C1 /* jude.json */ = {isa = PBXFileReference; fileEncoding = 4; lastKnownFileType = text.json; name = jude.json; path = REA/Data/jude.json; sourceTree = SOURCE_ROOT; };
		AEDD2C8F2DB888B5005722C1 /* 1_timothy.json */ = {isa = PBXFileReference; fileEncoding = 4; lastKnownFileType = text.json; name = 1_timothy.json; path = REA/Data/1_timothy.json; sourceTree = SOURCE_ROOT; };
		AEDD2C902DB888B5005722C1 /* 1_corinthians.json */ = {isa = PBXFileReference; fileEncoding = 4; lastKnownFileType = text.json; name = 1_corinthians.json; path = REA/Data/1_corinthians.json; sourceTree = SOURCE_ROOT; };
		AEDD2C912DB888B5005722C1 /* mark.json */ = {isa = PBXFileReference; fileEncoding = 4; lastKnownFileType = text.json; name = mark.json; path = REA/Data/mark.json; sourceTree = SOURCE_ROOT; };
		AEDD2C922DB888B5005722C1 /* 1_thessalonians.json */ = {isa = PBXFileReference; fileEncoding = 4; lastKnownFileType = text.json; name = 1_thessalonians.json; path = REA/Data/1_thessalonians.json; sourceTree = SOURCE_ROOT; };
		AEDD2C932DB888B5005722C1 /* ephesians.json */ = {isa = PBXFileReference; fileEncoding = 4; lastKnownFileType = text.json; name = ephesians.json; path = REA/Data/ephesians.json; sourceTree = SOURCE_ROOT; };
		AEDD2C942DB888B6005722C1 /* malachi.json */ = {isa = PBXFileReference; fileEncoding = 4; lastKnownFileType = text.json; name = malachi.json; path = REA/Data/malachi.json; sourceTree = SOURCE_ROOT; };
		AEDD2C952DB888B6005722C1 /* 1_peter.json */ = {isa = PBXFileReference; fileEncoding = 4; lastKnownFileType = text.json; name = 1_peter.json; path = REA/Data/1_peter.json; sourceTree = SOURCE_ROOT; };
		AEDD2C962DB888B6005722C1 /* titus.json */ = {isa = PBXFileReference; fileEncoding = 4; lastKnownFileType = text.json; name = titus.json; path = REA/Data/titus.json; sourceTree = SOURCE_ROOT; };
		AEDD2C972DB888B6005722C1 /* haggai.json */ = {isa = PBXFileReference; fileEncoding = 4; lastKnownFileType = text.json; name = haggai.json; path = REA/Data/haggai.json; sourceTree = SOURCE_ROOT; };
		AEDD2C982DB888B6005722C1 /* 2_thessalonians.json */ = {isa = PBXFileReference; fileEncoding = 4; lastKnownFileType = text.json; name = 2_thessalonians.json; path = REA/Data/2_thessalonians.json; sourceTree = SOURCE_ROOT; };
		AEDD2C992DB888B6005722C1 /* 2_peter.json */ = {isa = PBXFileReference; fileEncoding = 4; lastKnownFileType = text.json; name = 2_peter.json; path = REA/Data/2_peter.json; sourceTree = SOURCE_ROOT; };
		AEDD2C9A2DB888B6005722C1 /* 2_corinthians.json */ = {isa = PBXFileReference; fileEncoding = 4; lastKnownFileType = text.json; name = 2_corinthians.json; path = REA/Data/2_corinthians.json; sourceTree = SOURCE_ROOT; };
		AEDD2C9B2DB888B6005722C1 /* ezekiel.json */ = {isa = PBXFileReference; fileEncoding = 4; lastKnownFileType = text.json; name = ezekiel.json; path = REA/Data/ezekiel.json; sourceTree = SOURCE_ROOT; };
		AEDD2C9C2DB888B6005722C1 /* hebrews.json */ = {isa = PBXFileReference; fileEncoding = 4; lastKnownFileType = text.json; name = hebrews.json; path = REA/Data/hebrews.json; sourceTree = SOURCE_ROOT; };
		AEDD2C9D2DB888B7005722C1 /* ezra.json */ = {isa = PBXFileReference; fileEncoding = 4; lastKnownFileType = text.json; name = ezra.json; path = REA/Data/ezra.json; sourceTree = SOURCE_ROOT; };
		AEDD2C9E2DB888B7005722C1 /* 3_john.json */ = {isa = PBXFileReference; fileEncoding = 4; lastKnownFileType = text.json; name = 3_john.json; path = REA/Data/3_john.json; sourceTree = SOURCE_ROOT; };
		AEDD2C9F2DB888B7005722C1 /* 2_john.json */ = {isa = PBXFileReference; fileEncoding = 4; lastKnownFileType = text.json; name = 2_john.json; path = REA/Data/2_john.json; sourceTree = SOURCE_ROOT; };
/* End PBXFileReference section */

/* Begin PBXFrameworksBuildPhase section */
		AE3DB3A82DA192BC0032901D /* Frameworks */ = {
			isa = PBXFrameworksBuildPhase;
			buildActionMask = 2147483647;
			files = (
			);
			runOnlyForDeploymentPostprocessing = 0;
		};
		AE3DB3B92DA192C00032901D /* Frameworks */ = {
			isa = PBXFrameworksBuildPhase;
			buildActionMask = 2147483647;
			files = (
			);
			runOnlyForDeploymentPostprocessing = 0;
		};
		AE3DB3C32DA192C00032901D /* Frameworks */ = {
			isa = PBXFrameworksBuildPhase;
			buildActionMask = 2147483647;
			files = (
			);
			runOnlyForDeploymentPostprocessing = 0;
		};
/* End PBXFrameworksBuildPhase section */

/* Begin PBXGroup section */
		AE3DB3A22DA192BC0032901D = {
			isa = PBXGroup;
			children = (
				AE3DB3AD2DA192BC0032901D /* REA */,
				AE3DB3BF2DA192C00032901D /* REATests */,
				AE3DB3C92DA192C00032901D /* REAUITests */,
				AE3DB3AC2DA192BC0032901D /* Products */,
			);
			sourceTree = "<group>";
		};
		AE3DB3AC2DA192BC0032901D /* Products */ = {
			isa = PBXGroup;
			children = (
				AE3DB3AB2DA192BC0032901D /* Biblitz.app */,
				AE3DB3BC2DA192C00032901D /* BiblitzTests.xctest */,
				AE3DB3C62DA192C00032901D /* BiblitzUITests.xctest */,
			);
			name = Products;
			sourceTree = "<group>";
		};
		AE3DB3AD2DA192BC0032901D /* REA */ = {
			isa = PBXGroup;
			children = (
				AE68B9102DB29A870010C529 /* biblequest_logo2.png */,
				AEA276242DAF3BF8007618C1 /* BookData */,
				AE3DB3F22DACA2610032901D /* Info.plist */,
				AE3DB3DB2DA193AD0032901D /* Views */,
				AE3DB3DA2DA193A40032901D /* ViewModels */,
				AE3DB3D92DA193940032901D /* Models */,
				AE3DB3AE2DA192BC0032901D /* REAApp.swift */,
				AE3DB3B22DA192BF0032901D /* Assets.xcassets */,
				AE3DB3B42DA192BF0032901D /* REA.entitlements */,
				AE3DB3B52DA192BF0032901D /* Preview Content */,
			);
			path = REA;
			sourceTree = "<group>";
		};
		AE3DB3B52DA192BF0032901D /* Preview Content */ = {
			isa = PBXGroup;
			children = (
				AE3DB3B62DA192BF0032901D /* Preview Assets.xcassets */,
			);
			path = "Preview Content";
			sourceTree = "<group>";
		};
		AE3DB3BF2DA192C00032901D /* REATests */ = {
			isa = PBXGroup;
			children = (
				AE3DB3C02DA192C00032901D /* REATests.swift */,
			);
			path = REATests;
			sourceTree = "<group>";
		};
		AE3DB3C92DA192C00032901D /* REAUITests */ = {
			isa = PBXGroup;
			children = (
				AE3DB3CA2DA192C00032901D /* REAUITests.swift */,
				AE3DB3CC2DA192C00032901D /* REAUITestsLaunchTests.swift */,
			);
			path = REAUITests;
			sourceTree = "<group>";
		};
		AE3DB3D92DA193940032901D /* Models */ = {
			isa = PBXGroup;
			children = (
				AE3DB3DC2DA193E30032901D /* Question.swift */,
				AE3DB3E22DA1B8B10032901D /* BibleQuestionBank.swift */,
			);
			path = Models;
			sourceTree = "<group>";
		};
		AE3DB3DA2DA193A40032901D /* ViewModels */ = {
			isa = PBXGroup;
			children = (
				AE3DB3DE2DA194030032901D /* QuestionViewModel.swift */,
			);
			path = ViewModels;
			sourceTree = "<group>";
		};
		AE3DB3DB2DA193AD0032901D /* Views */ = {
			isa = PBXGroup;
			children = (
				AEA276172DAF2F7A007618C1 /* AnimationUtils.swift */,
				AEA276152DAF2F77007618C1 /* AppTheme.swift */,
				AEA276132DAF2F67007618C1 /* ViewModifiers.swift */,
				AEA276112DAF2F36007618C1 /* ButtonStyles.swift */,
				AE3DB3F42DACAEF30032901D /* OptionView.swift */,
				AE3DB3EE2DACA20B0032901D /* LaunchScreenView.swift */,
				AE3DB3E02DA194140032901D /* ContentView.swift */,
				AE3DB3E42DA1BA750032901D /* SelectionView.swift */,
			);
			path = Views;
			sourceTree = "<group>";
		};
		AEA276242DAF3BF8007618C1 /* BookData */ = {
			isa = PBXGroup;
			children = (
				AEDD2C902DB888B5005722C1 /* 1_corinthians.json */,
				AEDD2C6F2DB888B1005722C1 /* 1_john.json */,
				AEDD2C952DB888B6005722C1 /* 1_peter.json */,
				AEDD2C922DB888B5005722C1 /* 1_thessalonians.json */,
				AEDD2C8F2DB888B5005722C1 /* 1_timothy.json */,
				AEDD2C9A2DB888B6005722C1 /* 2_corinthians.json */,
				AEDD2C9F2DB888B7005722C1 /* 2_john.json */,
				AEDD2C992DB888B6005722C1 /* 2_peter.json */,
				AEDD2C982DB888B6005722C1 /* 2_thessalonians.json */,
				AEDD2C862DB888B4005722C1 /* 2_timothy.json */,
				AEDD2C9E2DB888B7005722C1 /* 3_john.json */,
				AEDD2C6E2DB888B1005722C1 /* acts.json */,
				AEDD2C772DB888B2005722C1 /* amos.json */,
				AEDD2C712DB888B2005722C1 /* colossians.json */,
				AEDD2C8A2DB888B4005722C1 /* daniel.json */,
				AEDD2C752DB888B2005722C1 /* ecclesiastes.json */,
				AEDD2C932DB888B5005722C1 /* ephesians.json */,
				AEDD2C6D2DB888B1005722C1 /* esther.json */,
				AEDD2C9B2DB888B6005722C1 /* ezekiel.json */,
				AEDD2C9D2DB888B7005722C1 /* ezra.json */,
				AEDD2C722DB888B2005722C1 /* galatians.json */,
				AEDD2C7B2DB888B3005722C1 /* habakkuk.json */,
				AEDD2C972DB888B6005722C1 /* haggai.json */,
				AEDD2C9C2DB888B6005722C1 /* hebrews.json */,
				AEDD2C832DB888B4005722C1 /* hosea.json */,
				AEDD2C792DB888B3005722C1 /* isaiah.json */,
				AEDD2C7F2DB888B3005722C1 /* james.json */,
				AEDD2C842DB888B4005722C1 /* jeremiah.json */,
				AEDD2C6C2DB888B1005722C1 /* job.json */,
				AEDD2C892DB888B4005722C1 /* joel.json */,
				AEDD2C8D2DB888B5005722C1 /* john.json */,
				AEDD2C8C2DB888B5005722C1 /* jonah.json */,
				AEDD2C8E2DB888B5005722C1 /* jude.json */,
				AEDD2C8B2DB888B5005722C1 /* lamentations.json */,
				AEDD2C7E2DB888B3005722C1 /* luke.json */,
				AEDD2C942DB888B6005722C1 /* malachi.json */,
				AEDD2C912DB888B5005722C1 /* mark.json */,
				AEDD2C822DB888B4005722C1 /* matthew.json */,
				AEDD2C802DB888B3005722C1 /* micah.json */,
				AEDD2C812DB888B3005722C1 /* nahum.json */,
				AEDD2C7C2DB888B3005722C1 /* nehemiah.json */,
				AEDD2C852DB888B4005722C1 /* obadiah.json */,
				AEDD2C872DB888B4005722C1 /* philemon.json */,
				AEDD2C882DB888B4005722C1 /* philippians.json */,
				AEDD2C742DB888B2005722C1 /* proverbs.json */,
				AEDD2C7A2DB888B3005722C1 /* psalms.json */,
				AEDD2C732DB888B2005722C1 /* revelation.json */,
				AEDD2C762DB888B2005722C1 /* romans.json */,
				AEDD2C7D2DB888B3005722C1 /* song_of_solomon.json */,
				AEDD2C962DB888B6005722C1 /* titus.json */,
				AEDD2C782DB888B3005722C1 /* zechariah.json */,
				AEDD2C702DB888B2005722C1 /* zephaniah.json */,
				AEDD2C682DB5E83B005722C1 /* 1_chronicles.json */,
				AEDD2C692DB5E83B005722C1 /* 2_chronicles.json */,
				AEDD2C642DB5D9E5005722C1 /* 1_kings.json */,
				AEDD2C652DB5D9E5005722C1 /* 2_kings.json */,
				AEDD2C622DB48A91005722C1 /* 2_samuel.json */,
				AEDD2C5E2DB45F84005722C1 /* 1_samuel.json */,
				AEDD2C5F2DB45F84005722C1 /* ruth.json */,
				AED1481C2DB3CB95008FE102 /* joshua.json */,
				AED1481D2DB3CB95008FE102 /* judges.json */,
				AED1481A2DB35436008FE102 /* deuteronomy.json */,
				AED148182DB35035008FE102 /* numbers.json */,
				AED148162DB2E1D9008FE102 /* leviticus.json */,
				AED148142DB2DAEE008FE102 /* genesis.json */,
				AEA276262DAF3C1F007618C1 /* exodus.json */,
				AEA276252DAF3C1F007618C1 /* QuestionsDataLoader.swift */,
			);
			path = BookData;
			sourceTree = "<group>";
		};
/* End PBXGroup section */

/* Begin PBXNativeTarget section */
		AE3DB3AA2DA192BC0032901D /* Biblitz */ = {
			isa = PBXNativeTarget;
			buildConfigurationList = AE3DB3D02DA192C00032901D /* Build configuration list for PBXNativeTarget "Biblitz" */;
			buildPhases = (
				AE3DB3A72DA192BC0032901D /* Sources */,
				AE3DB3A82DA192BC0032901D /* Frameworks */,
				AE3DB3A92DA192BC0032901D /* Resources */,
			);
			buildRules = (
			);
			dependencies = (
			);
			name = Biblitz;
			productName = REA;
			productReference = AE3DB3AB2DA192BC0032901D /* Biblitz.app */;
			productType = "com.apple.product-type.application";
		};
		AE3DB3BB2DA192C00032901D /* BiblitzTests */ = {
			isa = PBXNativeTarget;
			buildConfigurationList = AE3DB3D32DA192C00032901D /* Build configuration list for PBXNativeTarget "BiblitzTests" */;
			buildPhases = (
				AE3DB3B82DA192C00032901D /* Sources */,
				AE3DB3B92DA192C00032901D /* Frameworks */,
				AE3DB3BA2DA192C00032901D /* Resources */,
			);
			buildRules = (
			);
			dependencies = (
				AE3DB3BE2DA192C00032901D /* PBXTargetDependency */,
			);
			name = BiblitzTests;
			productName = REATests;
			productReference = AE3DB3BC2DA192C00032901D /* BiblitzTests.xctest */;
			productType = "com.apple.product-type.bundle.unit-test";
		};
		AE3DB3C52DA192C00032901D /* BiblitzUITests */ = {
			isa = PBXNativeTarget;
			buildConfigurationList = AE3DB3D62DA192C00032901D /* Build configuration list for PBXNativeTarget "BiblitzUITests" */;
			buildPhases = (
				AE3DB3C22DA192C00032901D /* Sources */,
				AE3DB3C32DA192C00032901D /* Frameworks */,
				AE3DB3C42DA192C00032901D /* Resources */,
			);
			buildRules = (
			);
			dependencies = (
				AE3DB3C82DA192C00032901D /* PBXTargetDependency */,
			);
			name = BiblitzUITests;
			productName = REAUITests;
			productReference = AE3DB3C62DA192C00032901D /* BiblitzUITests.xctest */;
			productType = "com.apple.product-type.bundle.ui-testing";
		};
/* End PBXNativeTarget section */

/* Begin PBXProject section */
		AE3DB3A32DA192BC0032901D /* Project object */ = {
			isa = PBXProject;
			attributes = {
				BuildIndependentTargetsInParallel = 1;
				LastSwiftUpdateCheck = 1520;
				LastUpgradeCheck = 1520;
				TargetAttributes = {
					AE3DB3AA2DA192BC0032901D = {
						CreatedOnToolsVersion = 15.2;
					};
					AE3DB3BB2DA192C00032901D = {
						CreatedOnToolsVersion = 15.2;
						TestTargetID = AE3DB3AA2DA192BC0032901D;
					};
					AE3DB3C52DA192C00032901D = {
						CreatedOnToolsVersion = 15.2;
						TestTargetID = AE3DB3AA2DA192BC0032901D;
					};
				};
			};
			buildConfigurationList = AE3DB3A62DA192BC0032901D /* Build configuration list for PBXProject "Biblitz" */;
			compatibilityVersion = "Xcode 14.0";
			developmentRegion = en;
			hasScannedForEncodings = 0;
			knownRegions = (
				en,
				Base,
			);
			mainGroup = AE3DB3A22DA192BC0032901D;
			productRefGroup = AE3DB3AC2DA192BC0032901D /* Products */;
			projectDirPath = "";
			projectRoot = "";
			targets = (
				AE3DB3AA2DA192BC0032901D /* Biblitz */,
				AE3DB3BB2DA192C00032901D /* BiblitzTests */,
				AE3DB3C52DA192C00032901D /* BiblitzUITests */,
			);
		};
/* End PBXProject section */

/* Begin PBXResourcesBuildPhase section */
		AE3DB3A92DA192BC0032901D /* Resources */ = {
			isa = PBXResourcesBuildPhase;
			buildActionMask = 2147483647;
			files = (
				AEDD2CB02DB888B7005722C1 /* nehemiah.json in Resources */,
				AEDD2CCC2DB888B7005722C1 /* 2_thessalonians.json in Resources */,
				AEDD2C662DB5D9E5005722C1 /* 1_kings.json in Resources */,
				AEDD2C612DB45F84005722C1 /* ruth.json in Resources */,
				AEDD2CCA2DB888B7005722C1 /* titus.json in Resources */,
				AE3DB3B72DA192BF0032901D /* Preview Assets.xcassets in Resources */,
				AEDD2CAE2DB888B7005722C1 /* psalms.json in Resources */,
				AEDD2CCF2DB888B7005722C1 /* ezekiel.json in Resources */,
				AEDD2CD02DB888B7005722C1 /* hebrews.json in Resources */,
				AEDD2C6A2DB5E83B005722C1 /* 1_chronicles.json in Resources */,
				AEDD2CB62DB888B7005722C1 /* matthew.json in Resources */,
				AEDD2CB12DB888B7005722C1 /* song_of_solomon.json in Resources */,
				AEDD2CC02DB888B7005722C1 /* jonah.json in Resources */,
				AE68B9112DB29A870010C529 /* biblequest_logo2.png in Resources */,
				AEDD2CAD2DB888B7005722C1 /* isaiah.json in Resources */,
				AEDD2CBB2DB888B7005722C1 /* philemon.json in Resources */,
				AEDD2CC32DB888B7005722C1 /* 1_timothy.json in Resources */,
				AEDD2C6B2DB5E83B005722C1 /* 2_chronicles.json in Resources */,
				AEDD2CC42DB888B7005722C1 /* 1_corinthians.json in Resources */,
				AEDD2CB52DB888B7005722C1 /* nahum.json in Resources */,
				AEDD2CAF2DB888B7005722C1 /* habakkuk.json in Resources */,
				AEDD2CB72DB888B7005722C1 /* hosea.json in Resources */,
				AED148172DB2E1D9008FE102 /* leviticus.json in Resources */,
				AEDD2CBF2DB888B7005722C1 /* lamentations.json in Resources */,
				AEDD2CD12DB888B7005722C1 /* ezra.json in Resources */,
				AEDD2CC12DB888B7005722C1 /* john.json in Resources */,
				AEDD2C672DB5D9E5005722C1 /* 2_kings.json in Resources */,
				AEDD2CA52DB888B7005722C1 /* colossians.json in Resources */,
				AEDD2CBA2DB888B7005722C1 /* 2_timothy.json in Resources */,
				AEDD2CA92DB888B7005722C1 /* ecclesiastes.json in Resources */,
				AEDD2CA22DB888B7005722C1 /* acts.json in Resources */,
				AEDD2CAC2DB888B7005722C1 /* zechariah.json in Resources */,
				AEDD2CCB2DB888B7005722C1 /* haggai.json in Resources */,
				AEDD2CA82DB888B7005722C1 /* proverbs.json in Resources */,
				AEDD2CA72DB888B7005722C1 /* revelation.json in Resources */,
				AEDD2CBD2DB888B7005722C1 /* joel.json in Resources */,
				AEDD2CA62DB888B7005722C1 /* galatians.json in Resources */,
				AEDD2CA32DB888B7005722C1 /* 1_john.json in Resources */,
				AEDD2CC62DB888B7005722C1 /* 1_thessalonians.json in Resources */,
				AED1481B2DB35436008FE102 /* deuteronomy.json in Resources */,
				AEDD2CB22DB888B7005722C1 /* luke.json in Resources */,
				AE3DB3B32DA192BF0032901D /* Assets.xcassets in Resources */,
				AEDD2CB42DB888B7005722C1 /* micah.json in Resources */,
				AEDD2CA12DB888B7005722C1 /* esther.json in Resources */,
				AEDD2CBE2DB888B7005722C1 /* daniel.json in Resources */,
				AED1481F2DB3CB95008FE102 /* judges.json in Resources */,
				AEDD2CC92DB888B7005722C1 /* 1_peter.json in Resources */,
				AEDD2CB92DB888B7005722C1 /* obadiah.json in Resources */,
				AEDD2CCE2DB888B7005722C1 /* 2_corinthians.json in Resources */,
				AEDD2CD32DB888B7005722C1 /* 2_john.json in Resources */,
				AEDD2CAA2DB888B7005722C1 /* romans.json in Resources */,
				AEDD2CA02DB888B7005722C1 /* job.json in Resources */,
				AEDD2CC82DB888B7005722C1 /* malachi.json in Resources */,
				AEDD2CCD2DB888B7005722C1 /* 2_peter.json in Resources */,
				AEDD2CC72DB888B7005722C1 /* ephesians.json in Resources */,
				AEDD2CBC2DB888B7005722C1 /* philippians.json in Resources */,
				AEDD2C602DB45F84005722C1 /* 1_samuel.json in Resources */,
				AEDD2CA42DB888B7005722C1 /* zephaniah.json in Resources */,
				AED148152DB2DAEE008FE102 /* genesis.json in Resources */,
				AED1481E2DB3CB95008FE102 /* joshua.json in Resources */,
				AEDD2CC22DB888B7005722C1 /* jude.json in Resources */,
				AEA276282DAF3C1F007618C1 /* exodus.json in Resources */,
				AEDD2CB32DB888B7005722C1 /* james.json in Resources */,
				AEDD2CC52DB888B7005722C1 /* mark.json in Resources */,
				AEDD2CB82DB888B7005722C1 /* jeremiah.json in Resources */,
				AEDD2CD22DB888B7005722C1 /* 3_john.json in Resources */,
				AEDD2CAB2DB888B7005722C1 /* amos.json in Resources */,
				AEDD2C632DB48A91005722C1 /* 2_samuel.json in Resources */,
				AED148192DB35035008FE102 /* numbers.json in Resources */,
			);
			runOnlyForDeploymentPostprocessing = 0;
		};
		AE3DB3BA2DA192C00032901D /* Resources */ = {
			isa = PBXResourcesBuildPhase;
			buildActionMask = 2147483647;
			files = (
			);
			runOnlyForDeploymentPostprocessing = 0;
		};
		AE3DB3C42DA192C00032901D /* Resources */ = {
			isa = PBXResourcesBuildPhase;
			buildActionMask = 2147483647;
			files = (
			);
			runOnlyForDeploymentPostprocessing = 0;
		};
/* End PBXResourcesBuildPhase section */

/* Begin PBXSourcesBuildPhase section */
		AE3DB3A72DA192BC0032901D /* Sources */ = {
			isa = PBXSourcesBuildPhase;
			buildActionMask = 2147483647;
			files = (
				AE3DB3EF2DACA20B0032901D /* LaunchScreenView.swift in Sources */,
				AEA276162DAF2F77007618C1 /* AppTheme.swift in Sources */,
				AE3DB3DD2DA193E30032901D /* Question.swift in Sources */,
				AE3DB3E12DA194140032901D /* ContentView.swift in Sources */,
				AE3DB3DF2DA194030032901D /* QuestionViewModel.swift in Sources */,
				AEA276122DAF2F36007618C1 /* ButtonStyles.swift in Sources */,
				AEA276142DAF2F67007618C1 /* ViewModifiers.swift in Sources */,
				AE3DB3E32DA1B8B10032901D /* BibleQuestionBank.swift in Sources */,
				AEA276182DAF2F7A007618C1 /* AnimationUtils.swift in Sources */,
				AE3DB3AF2DA192BC0032901D /* REAApp.swift in Sources */,
				AEA276272DAF3C1F007618C1 /* QuestionsDataLoader.swift in Sources */,
				AE3DB3E52DA1BA750032901D /* SelectionView.swift in Sources */,
				AE3DB3F52DACAEF40032901D /* OptionView.swift in Sources */,
			);
			runOnlyForDeploymentPostprocessing = 0;
		};
		AE3DB3B82DA192C00032901D /* Sources */ = {
			isa = PBXSourcesBuildPhase;
			buildActionMask = 2147483647;
			files = (
				AE3DB3C12DA192C00032901D /* REATests.swift in Sources */,
			);
			runOnlyForDeploymentPostprocessing = 0;
		};
		AE3DB3C22DA192C00032901D /* Sources */ = {
			isa = PBXSourcesBuildPhase;
			buildActionMask = 2147483647;
			files = (
				AE3DB3CB2DA192C00032901D /* REAUITests.swift in Sources */,
				AE3DB3CD2DA192C00032901D /* REAUITestsLaunchTests.swift in Sources */,
			);
			runOnlyForDeploymentPostprocessing = 0;
		};
/* End PBXSourcesBuildPhase section */

/* Begin PBXTargetDependency section */
		AE3DB3BE2DA192C00032901D /* PBXTargetDependency */ = {
			isa = PBXTargetDependency;
			target = AE3DB3AA2DA192BC0032901D /* Biblitz */;
			targetProxy = AE3DB3BD2DA192C00032901D /* PBXContainerItemProxy */;
		};
		AE3DB3C82DA192C00032901D /* PBXTargetDependency */ = {
			isa = PBXTargetDependency;
			target = AE3DB3AA2DA192BC0032901D /* Biblitz */;
			targetProxy = AE3DB3C72DA192C00032901D /* PBXContainerItemProxy */;
		};
/* End PBXTargetDependency section */

/* Begin XCBuildConfiguration section */
		AE3DB3CE2DA192C00032901D /* Debug */ = {
			isa = XCBuildConfiguration;
			buildSettings = {
				ALWAYS_SEARCH_USER_PATHS = NO;
				ASSETCATALOG_COMPILER_GENERATE_SWIFT_ASSET_SYMBOL_EXTENSIONS = YES;
				CLANG_ANALYZER_NONNULL = YES;
				CLANG_ANALYZER_NUMBER_OBJECT_CONVERSION = YES_AGGRESSIVE;
				CLANG_CXX_LANGUAGE_STANDARD = "gnu++20";
				CLANG_ENABLE_MODULES = YES;
				CLANG_ENABLE_OBJC_ARC = YES;
				CLANG_ENABLE_OBJC_WEAK = YES;
				CLANG_WARN_BLOCK_CAPTURE_AUTORELEASING = YES;
				CLANG_WARN_BOOL_CONVERSION = YES;
				CLANG_WARN_COMMA = YES;
				CLANG_WARN_CONSTANT_CONVERSION = YES;
				CLANG_WARN_DEPRECATED_OBJC_IMPLEMENTATIONS = YES;
				CLANG_WARN_DIRECT_OBJC_ISA_USAGE = YES_ERROR;
				CLANG_WARN_DOCUMENTATION_COMMENTS = YES;
				CLANG_WARN_EMPTY_BODY = YES;
				CLANG_WARN_ENUM_CONVERSION = YES;
				CLANG_WARN_INFINITE_RECURSION = YES;
				CLANG_WARN_INT_CONVERSION = YES;
				CLANG_WARN_NON_LITERAL_NULL_CONVERSION = YES;
				CLANG_WARN_OBJC_IMPLICIT_RETAIN_SELF = YES;
				CLANG_WARN_OBJC_LITERAL_CONVERSION = YES;
				CLANG_WARN_OBJC_ROOT_CLASS = YES_ERROR;
				CLANG_WARN_QUOTED_INCLUDE_IN_FRAMEWORK_HEADER = YES;
				CLANG_WARN_RANGE_LOOP_ANALYSIS = YES;
				CLANG_WARN_STRICT_PROTOTYPES = YES;
				CLANG_WARN_SUSPICIOUS_MOVE = YES;
				CLANG_WARN_UNGUARDED_AVAILABILITY = YES_AGGRESSIVE;
				CLANG_WARN_UNREACHABLE_CODE = YES;
				CLANG_WARN__DUPLICATE_METHOD_MATCH = YES;
				COPY_PHASE_STRIP = NO;
				DEBUG_INFORMATION_FORMAT = dwarf;
				ENABLE_STRICT_OBJC_MSGSEND = YES;
				ENABLE_TESTABILITY = YES;
				ENABLE_USER_SCRIPT_SANDBOXING = YES;
				GCC_C_LANGUAGE_STANDARD = gnu17;
				GCC_DYNAMIC_NO_PIC = NO;
				GCC_NO_COMMON_BLOCKS = YES;
				GCC_OPTIMIZATION_LEVEL = 0;
				GCC_PREPROCESSOR_DEFINITIONS = (
					"DEBUG=1",
					"$(inherited)",
				);
				GCC_WARN_64_TO_32_BIT_CONVERSION = YES;
				GCC_WARN_ABOUT_RETURN_TYPE = YES_ERROR;
				GCC_WARN_UNDECLARED_SELECTOR = YES;
				GCC_WARN_UNINITIALIZED_AUTOS = YES_AGGRESSIVE;
				GCC_WARN_UNUSED_FUNCTION = YES;
				GCC_WARN_UNUSED_VARIABLE = YES;
				LOCALIZATION_PREFERS_STRING_CATALOGS = YES;
				MTL_ENABLE_DEBUG_INFO = INCLUDE_SOURCE;
				MTL_FAST_MATH = YES;
				ONLY_ACTIVE_ARCH = YES;
				SWIFT_ACTIVE_COMPILATION_CONDITIONS = "DEBUG $(inherited)";
				SWIFT_OPTIMIZATION_LEVEL = "-Onone";
			};
			name = Debug;
		};
		AE3DB3CF2DA192C00032901D /* Release */ = {
			isa = XCBuildConfiguration;
			buildSettings = {
				ALWAYS_SEARCH_USER_PATHS = NO;
				ASSETCATALOG_COMPILER_GENERATE_SWIFT_ASSET_SYMBOL_EXTENSIONS = YES;
				CLANG_ANALYZER_NONNULL = YES;
				CLANG_ANALYZER_NUMBER_OBJECT_CONVERSION = YES_AGGRESSIVE;
				CLANG_CXX_LANGUAGE_STANDARD = "gnu++20";
				CLANG_ENABLE_MODULES = YES;
				CLANG_ENABLE_OBJC_ARC = YES;
				CLANG_ENABLE_OBJC_WEAK = YES;
				CLANG_WARN_BLOCK_CAPTURE_AUTORELEASING = YES;
				CLANG_WARN_BOOL_CONVERSION = YES;
				CLANG_WARN_COMMA = YES;
				CLANG_WARN_CONSTANT_CONVERSION = YES;
				CLANG_WARN_DEPRECATED_OBJC_IMPLEMENTATIONS = YES;
				CLANG_WARN_DIRECT_OBJC_ISA_USAGE = YES_ERROR;
				CLANG_WARN_DOCUMENTATION_COMMENTS = YES;
				CLANG_WARN_EMPTY_BODY = YES;
				CLANG_WARN_ENUM_CONVERSION = YES;
				CLANG_WARN_INFINITE_RECURSION = YES;
				CLANG_WARN_INT_CONVERSION = YES;
				CLANG_WARN_NON_LITERAL_NULL_CONVERSION = YES;
				CLANG_WARN_OBJC_IMPLICIT_RETAIN_SELF = YES;
				CLANG_WARN_OBJC_LITERAL_CONVERSION = YES;
				CLANG_WARN_OBJC_ROOT_CLASS = YES_ERROR;
				CLANG_WARN_QUOTED_INCLUDE_IN_FRAMEWORK_HEADER = YES;
				CLANG_WARN_RANGE_LOOP_ANALYSIS = YES;
				CLANG_WARN_STRICT_PROTOTYPES = YES;
				CLANG_WARN_SUSPICIOUS_MOVE = YES;
				CLANG_WARN_UNGUARDED_AVAILABILITY = YES_AGGRESSIVE;
				CLANG_WARN_UNREACHABLE_CODE = YES;
				CLANG_WARN__DUPLICATE_METHOD_MATCH = YES;
				COPY_PHASE_STRIP = NO;
				DEBUG_INFORMATION_FORMAT = "dwarf-with-dsym";
				ENABLE_NS_ASSERTIONS = NO;
				ENABLE_STRICT_OBJC_MSGSEND = YES;
				ENABLE_USER_SCRIPT_SANDBOXING = YES;
				GCC_C_LANGUAGE_STANDARD = gnu17;
				GCC_NO_COMMON_BLOCKS = YES;
				GCC_WARN_64_TO_32_BIT_CONVERSION = YES;
				GCC_WARN_ABOUT_RETURN_TYPE = YES_ERROR;
				GCC_WARN_UNDECLARED_SELECTOR = YES;
				GCC_WARN_UNINITIALIZED_AUTOS = YES_AGGRESSIVE;
				GCC_WARN_UNUSED_FUNCTION = YES;
				GCC_WARN_UNUSED_VARIABLE = YES;
				LOCALIZATION_PREFERS_STRING_CATALOGS = YES;
				MTL_ENABLE_DEBUG_INFO = NO;
				MTL_FAST_MATH = YES;
				SWIFT_COMPILATION_MODE = wholemodule;
			};
			name = Release;
		};
		AE3DB3D12DA192C00032901D /* Debug */ = {
			isa = XCBuildConfiguration;
			buildSettings = {
				ASSETCATALOG_COMPILER_APPICON_NAME = AppIcon;
				ASSETCATALOG_COMPILER_GLOBAL_ACCENT_COLOR_NAME = AccentColor;
				ASSETCATALOG_COMPILER_INCLUDE_ALL_APPICON_ASSETS = YES;
				CODE_SIGN_ENTITLEMENTS = REA/REA.entitlements;
				CODE_SIGN_STYLE = Automatic;
				CURRENT_PROJECT_VERSION = 1;
				DEVELOPMENT_ASSET_PATHS = "\"REA/Preview Content\"";
				DEVELOPMENT_TEAM = 5R9U688WM7;
				ENABLE_PREVIEWS = YES;
				GENERATE_INFOPLIST_FILE = YES;
				INFOPLIST_KEY_LSApplicationCategoryType = "public.app-category.education";
				"INFOPLIST_KEY_UIApplicationSceneManifest_Generation[sdk=iphoneos*]" = YES;
				"INFOPLIST_KEY_UIApplicationSceneManifest_Generation[sdk=iphonesimulator*]" = YES;
				"INFOPLIST_KEY_UIApplicationSupportsIndirectInputEvents[sdk=iphoneos*]" = YES;
				"INFOPLIST_KEY_UIApplicationSupportsIndirectInputEvents[sdk=iphonesimulator*]" = YES;
				"INFOPLIST_KEY_UILaunchScreen_Generation[sdk=iphoneos*]" = YES;
				"INFOPLIST_KEY_UILaunchScreen_Generation[sdk=iphonesimulator*]" = YES;
				INFOPLIST_KEY_UIStatusBarStyle = "";
				"INFOPLIST_KEY_UIStatusBarStyle[sdk=iphoneos*]" = UIStatusBarStyleDefault;
				"INFOPLIST_KEY_UIStatusBarStyle[sdk=iphonesimulator*]" = UIStatusBarStyleDefault;
				INFOPLIST_KEY_UISupportedInterfaceOrientations_iPad = "UIInterfaceOrientationPortrait UIInterfaceOrientationPortraitUpsideDown UIInterfaceOrientationLandscapeLeft UIInterfaceOrientationLandscapeRight";
				INFOPLIST_KEY_UISupportedInterfaceOrientations_iPhone = "UIInterfaceOrientationPortrait UIInterfaceOrientationLandscapeLeft UIInterfaceOrientationLandscapeRight";
				IPHONEOS_DEPLOYMENT_TARGET = 16.1;
				LD_RUNPATH_SEARCH_PATHS = "@executable_path/Frameworks";
				"LD_RUNPATH_SEARCH_PATHS[sdk=macosx*]" = "@executable_path/../Frameworks";
				MACOSX_DEPLOYMENT_TARGET = 13.6;
				MARKETING_VERSION = 1.0;
				PRODUCT_BUNDLE_IDENTIFIER = curateddata.ai.REA;
				PRODUCT_NAME = "$(TARGET_NAME)";
				SDKROOT = auto;
				SUPPORTED_PLATFORMS = "iphoneos iphonesimulator";
				SUPPORTS_MACCATALYST = NO;
				SWIFT_EMIT_LOC_STRINGS = YES;
				SWIFT_VERSION = 5.0;
				TARGETED_DEVICE_FAMILY = 1;
			};
			name = Debug;
		};
		AE3DB3D22DA192C00032901D /* Release */ = {
			isa = XCBuildConfiguration;
			buildSettings = {
				ASSETCATALOG_COMPILER_APPICON_NAME = AppIcon;
				ASSETCATALOG_COMPILER_GLOBAL_ACCENT_COLOR_NAME = AccentColor;
				ASSETCATALOG_COMPILER_INCLUDE_ALL_APPICON_ASSETS = YES;
				CODE_SIGN_ENTITLEMENTS = REA/REA.entitlements;
				CODE_SIGN_STYLE = Automatic;
				CURRENT_PROJECT_VERSION = 1;
				DEVELOPMENT_ASSET_PATHS = "\"REA/Preview Content\"";
				DEVELOPMENT_TEAM = 5R9U688WM7;
				ENABLE_PREVIEWS = YES;
				GENERATE_INFOPLIST_FILE = YES;
				INFOPLIST_KEY_LSApplicationCategoryType = "public.app-category.education";
				"INFOPLIST_KEY_UIApplicationSceneManifest_Generation[sdk=iphoneos*]" = YES;
				"INFOPLIST_KEY_UIApplicationSceneManifest_Generation[sdk=iphonesimulator*]" = YES;
				"INFOPLIST_KEY_UIApplicationSupportsIndirectInputEvents[sdk=iphoneos*]" = YES;
				"INFOPLIST_KEY_UIApplicationSupportsIndirectInputEvents[sdk=iphonesimulator*]" = YES;
				"INFOPLIST_KEY_UILaunchScreen_Generation[sdk=iphoneos*]" = YES;
				"INFOPLIST_KEY_UILaunchScreen_Generation[sdk=iphonesimulator*]" = YES;
				INFOPLIST_KEY_UIStatusBarStyle = "";
				"INFOPLIST_KEY_UIStatusBarStyle[sdk=iphoneos*]" = UIStatusBarStyleDefault;
				"INFOPLIST_KEY_UIStatusBarStyle[sdk=iphonesimulator*]" = UIStatusBarStyleDefault;
				INFOPLIST_KEY_UISupportedInterfaceOrientations_iPad = "UIInterfaceOrientationPortrait UIInterfaceOrientationPortraitUpsideDown UIInterfaceOrientationLandscapeLeft UIInterfaceOrientationLandscapeRight";
				INFOPLIST_KEY_UISupportedInterfaceOrientations_iPhone = "UIInterfaceOrientationPortrait UIInterfaceOrientationLandscapeLeft UIInterfaceOrientationLandscapeRight";
				IPHONEOS_DEPLOYMENT_TARGET = 16.1;
				LD_RUNPATH_SEARCH_PATHS = "@executable_path/Frameworks";
				"LD_RUNPATH_SEARCH_PATHS[sdk=macosx*]" = "@executable_path/../Frameworks";
				MACOSX_DEPLOYMENT_TARGET = 13.6;
				MARKETING_VERSION = 1.0;
				PRODUCT_BUNDLE_IDENTIFIER = curateddata.ai.REA;
				PRODUCT_NAME = "$(TARGET_NAME)";
				SDKROOT = auto;
				SUPPORTED_PLATFORMS = "iphoneos iphonesimulator";
				SUPPORTS_MACCATALYST = NO;
				SWIFT_EMIT_LOC_STRINGS = YES;
				SWIFT_VERSION = 5.0;
				TARGETED_DEVICE_FAMILY = 1;
			};
			name = Release;
		};
		AE3DB3D42DA192C00032901D /* Debug */ = {
			isa = XCBuildConfiguration;
			buildSettings = {
				ALWAYS_EMBED_SWIFT_STANDARD_LIBRARIES = YES;
				BUNDLE_LOADER = "$(TEST_HOST)";
				CODE_SIGN_STYLE = Automatic;
				CURRENT_PROJECT_VERSION = 1;
				GENERATE_INFOPLIST_FILE = YES;
				IPHONEOS_DEPLOYMENT_TARGET = 17.2;
				MACOSX_DEPLOYMENT_TARGET = 13.6;
				MARKETING_VERSION = 1.0;
				PRODUCT_BUNDLE_IDENTIFIER = curateddata.ai.REATests;
				PRODUCT_NAME = "$(TARGET_NAME)";
				SDKROOT = auto;
				SUPPORTED_PLATFORMS = "iphoneos iphonesimulator macosx";
				SWIFT_EMIT_LOC_STRINGS = NO;
				SWIFT_VERSION = 5.0;
				TARGETED_DEVICE_FAMILY = "1,2";
				TEST_HOST = "$(BUILT_PRODUCTS_DIR)/Biblitz.app/$(BUNDLE_EXECUTABLE_FOLDER_PATH)/Biblitz";
			};
			name = Debug;
		};
		AE3DB3D52DA192C00032901D /* Release */ = {
			isa = XCBuildConfiguration;
			buildSettings = {
				ALWAYS_EMBED_SWIFT_STANDARD_LIBRARIES = YES;
				BUNDLE_LOADER = "$(TEST_HOST)";
				CODE_SIGN_STYLE = Automatic;
				CURRENT_PROJECT_VERSION = 1;
				GENERATE_INFOPLIST_FILE = YES;
				IPHONEOS_DEPLOYMENT_TARGET = 17.2;
				MACOSX_DEPLOYMENT_TARGET = 13.6;
				MARKETING_VERSION = 1.0;
				PRODUCT_BUNDLE_IDENTIFIER = curateddata.ai.REATests;
				PRODUCT_NAME = "$(TARGET_NAME)";
				SDKROOT = auto;
				SUPPORTED_PLATFORMS = "iphoneos iphonesimulator macosx";
				SWIFT_EMIT_LOC_STRINGS = NO;
				SWIFT_VERSION = 5.0;
				TARGETED_DEVICE_FAMILY = "1,2";
				TEST_HOST = "$(BUILT_PRODUCTS_DIR)/Biblitz.app/$(BUNDLE_EXECUTABLE_FOLDER_PATH)/Biblitz";
			};
			name = Release;
		};
		AE3DB3D72DA192C00032901D /* Debug */ = {
			isa = XCBuildConfiguration;
			buildSettings = {
				ALWAYS_EMBED_SWIFT_STANDARD_LIBRARIES = YES;
				CODE_SIGN_STYLE = Automatic;
				CURRENT_PROJECT_VERSION = 1;
				GENERATE_INFOPLIST_FILE = YES;
				IPHONEOS_DEPLOYMENT_TARGET = 17.2;
				MACOSX_DEPLOYMENT_TARGET = 13.6;
				MARKETING_VERSION = 1.0;
				PRODUCT_BUNDLE_IDENTIFIER = curateddata.ai.REAUITests;
				PRODUCT_NAME = "$(TARGET_NAME)";
				SDKROOT = auto;
				SUPPORTED_PLATFORMS = "iphoneos iphonesimulator macosx";
				SWIFT_EMIT_LOC_STRINGS = NO;
				SWIFT_VERSION = 5.0;
				TARGETED_DEVICE_FAMILY = "1,2";
				TEST_TARGET_NAME = REA;
			};
			name = Debug;
		};
		AE3DB3D82DA192C00032901D /* Release */ = {
			isa = XCBuildConfiguration;
			buildSettings = {
				ALWAYS_EMBED_SWIFT_STANDARD_LIBRARIES = YES;
				CODE_SIGN_STYLE = Automatic;
				CURRENT_PROJECT_VERSION = 1;
				GENERATE_INFOPLIST_FILE = YES;
				IPHONEOS_DEPLOYMENT_TARGET = 17.2;
				MACOSX_DEPLOYMENT_TARGET = 13.6;
				MARKETING_VERSION = 1.0;
				PRODUCT_BUNDLE_IDENTIFIER = curateddata.ai.REAUITests;
				PRODUCT_NAME = "$(TARGET_NAME)";
				SDKROOT = auto;
				SUPPORTED_PLATFORMS = "iphoneos iphonesimulator macosx";
				SWIFT_EMIT_LOC_STRINGS = NO;
				SWIFT_VERSION = 5.0;
				TARGETED_DEVICE_FAMILY = "1,2";
				TEST_TARGET_NAME = REA;
			};
			name = Release;
		};
/* End XCBuildConfiguration section */

/* Begin XCConfigurationList section */
		AE3DB3A62DA192BC0032901D /* Build configuration list for PBXProject "Biblitz" */ = {
			isa = XCConfigurationList;
			buildConfigurations = (
				AE3DB3CE2DA192C00032901D /* Debug */,
				AE3DB3CF2DA192C00032901D /* Release */,
			);
			defaultConfigurationIsVisible = 0;
			defaultConfigurationName = Release;
		};
		AE3DB3D02DA192C00032901D /* Build configuration list for PBXNativeTarget "Biblitz" */ = {
			isa = XCConfigurationList;
			buildConfigurations = (
				AE3DB3D12DA192C00032901D /* Debug */,
				AE3DB3D22DA192C00032901D /* Release */,
			);
			defaultConfigurationIsVisible = 0;
			defaultConfigurationName = Release;
		};
		AE3DB3D32DA192C00032901D /* Build configuration list for PBXNativeTarget "BiblitzTests" */ = {
			isa = XCConfigurationList;
			buildConfigurations = (
				AE3DB3D42DA192C00032901D /* Debug */,
				AE3DB3D52DA192C00032901D /* Release */,
			);
			defaultConfigurationIsVisible = 0;
			defaultConfigurationName = Release;
		};
		AE3DB3D62DA192C00032901D /* Build configuration list for PBXNativeTarget "BiblitzUITests" */ = {
			isa = XCConfigurationList;
			buildConfigurations = (
				AE3DB3D72DA192C00032901D /* Debug */,
				AE3DB3D82DA192C00032901D /* Release */,
			);
			defaultConfigurationIsVisible = 0;
			defaultConfigurationName = Release;
		};
/* End XCConfigurationList section */
	};
	rootObject = AE3DB3A32DA192BC0032901D /* Project object */;
}
