// !$*UTF8*$!
{
	archiveVersion = 1;
	classes = {
	};
	objectVersion = 56;
	objects = {

/* Begin PBXBuildFile section */
		AE3DB3AF2DA192BC0032901D /* REAApp.swift in Sources */ = {isa = PBXBuildFile; fileRef = AE3DB3AE2DA192BC0032901D /* REAApp.swift */; };
		AE3DB3B32DA192BF0032901D /* Assets.xcassets in Resources */ = {isa = PBXBuildFile; fileRef = AE3DB3B22DA192BF0032901D /* Assets.xcassets */; };
		AE3DB3B72DA192BF0032901D /* Preview Assets.xcassets in Resources */ = {isa = PBXBuildFile; fileRef = AE3DB3B62DA192BF0032901D /* Preview Assets.xcassets */; };
		AE3DB3C12DA192C00032901D /* REATests.swift in Sources */ = {isa = PBXBuildFile; fileRef = AE3DB3C02DA192C00032901D /* REATests.swift */; };
		AE3DB3CB2DA192C00032901D /* REAUITests.swift in Sources */ = {isa = PBXBuildFile; fileRef = AE3DB3CA2DA192C00032901D /* REAUITests.swift */; };
		AE3DB3CD2DA192C00032901D /* REAUITestsLaunchTests.swift in Sources */ = {isa = PBXBuildFile; fileRef = AE3DB3CC2DA192C00032901D /* REAUITestsLaunchTests.swift */; };
		AE3DB3DD2DA193E30032901D /* Question.swift in Sources */ = {isa = PBXBuildFile; fileRef = AE3DB3DC2DA193E30032901D /* Question.swift */; };
		AE3DB3DF2DA194030032901D /* QuestionViewModel.swift in Sources */ = {isa = PBXBuildFile; fileRef = AE3DB3DE2DA194030032901D /* QuestionViewModel.swift */; };
		AE3DB3E12DA194140032901D /* ContentView.swift in Sources */ = {isa = PBXBuildFile; fileRef = AE3DB3E02DA194140032901D /* ContentView.swift */; };
		AE3DB3E32DA1B8B10032901D /* BibleQuestionBank.swift in Sources */ = {isa = PBXBuildFile; fileRef = AE3DB3E22DA1B8B10032901D /* BibleQuestionBank.swift */; };
		AE3DB3E52DA1BA750032901D /* SelectionView.swift in Sources */ = {isa = PBXBuildFile; fileRef = AE3DB3E42DA1BA750032901D /* SelectionView.swift */; };
		AE3DB3EF2DACA20B0032901D /* LaunchScreenView.swift in Sources */ = {isa = PBXBuildFile; fileRef = AE3DB3EE2DACA20B0032901D /* LaunchScreenView.swift */; };
		AE3DB3F52DACAEF40032901D /* OptionView.swift in Sources */ = {isa = PBXBuildFile; fileRef = AE3DB3F42DACAEF30032901D /* OptionView.swift */; };
		AEA276122DAF2F36007618C1 /* ButtonStyles.swift in Sources */ = {isa = PBXBuildFile; fileRef = AEA276112DAF2F36007618C1 /* ButtonStyles.swift */; };
		AEA276142DAF2F67007618C1 /* ViewModifiers.swift in Sources */ = {isa = PBXBuildFile; fileRef = AEA276132DAF2F67007618C1 /* ViewModifiers.swift */; };
		AEA276162DAF2F77007618C1 /* AppTheme.swift in Sources */ = {isa = PBXBuildFile; fileRef = AEA276152DAF2F77007618C1 /* AppTheme.swift */; };
		AEA276182DAF2F7A007618C1 /* AnimationUtils.swift in Sources */ = {isa = PBXBuildFile; fileRef = AEA276172DAF2F7A007618C1 /* AnimationUtils.swift */; };
		AEA276272DAF3C1F007618C1 /* QuestionsDataLoader.swift in Sources */ = {isa = PBXBuildFile; fileRef = AEA276252DAF3C1F007618C1 /* QuestionsDataLoader.swift */; };
		AEA276282DAF3C1F007618C1 /* exodus.json in Resources */ = {isa = PBXBuildFile; fileRef = AEA276262DAF3C1F007618C1 /* exodus.json */; };
/* End PBXBuildFile section */

/* Begin PBXContainerItemProxy section */
		AE3DB3BD2DA192C00032901D /* PBXContainerItemProxy */ = {
			isa = PBXContainerItemProxy;
			containerPortal = AE3DB3A32DA192BC0032901D /* Project object */;
			proxyType = 1;
			remoteGlobalIDString = AE3DB3AA2DA192BC0032901D;
			remoteInfo = REA;
		};
		AE3DB3C72DA192C00032901D /* PBXContainerItemProxy */ = {
			isa = PBXContainerItemProxy;
			containerPortal = AE3DB3A32DA192BC0032901D /* Project object */;
			proxyType = 1;
			remoteGlobalIDString = AE3DB3AA2DA192BC0032901D;
			remoteInfo = REA;
		};
/* End PBXContainerItemProxy section */

/* Begin PBXFileReference section */
		AE3DB3AB2DA192BC0032901D /* REA.app */ = {isa = PBXFileReference; explicitFileType = wrapper.application; includeInIndex = 0; path = REA.app; sourceTree = BUILT_PRODUCTS_DIR; };
		AE3DB3AE2DA192BC0032901D /* REAApp.swift */ = {isa = PBXFileReference; lastKnownFileType = sourcecode.swift; path = REAApp.swift; sourceTree = "<group>"; };
		AE3DB3B22DA192BF0032901D /* Assets.xcassets */ = {isa = PBXFileReference; lastKnownFileType = folder.assetcatalog; path = Assets.xcassets; sourceTree = "<group>"; };
		AE3DB3B42DA192BF0032901D /* REA.entitlements */ = {isa = PBXFileReference; lastKnownFileType = text.plist.entitlements; path = REA.entitlements; sourceTree = "<group>"; };
		AE3DB3B62DA192BF0032901D /* Preview Assets.xcassets */ = {isa = PBXFileReference; lastKnownFileType = folder.assetcatalog; path = "Preview Assets.xcassets"; sourceTree = "<group>"; };
		AE3DB3BC2DA192C00032901D /* REATests.xctest */ = {isa = PBXFileReference; explicitFileType = wrapper.cfbundle; includeInIndex = 0; path = REATests.xctest; sourceTree = BUILT_PRODUCTS_DIR; };
		AE3DB3C02DA192C00032901D /* REATests.swift */ = {isa = PBXFileReference; lastKnownFileType = sourcecode.swift; path = REATests.swift; sourceTree = "<group>"; };
		AE3DB3C62DA192C00032901D /* REAUITests.xctest */ = {isa = PBXFileReference; explicitFileType = wrapper.cfbundle; includeInIndex = 0; path = REAUITests.xctest; sourceTree = BUILT_PRODUCTS_DIR; };
		AE3DB3CA2DA192C00032901D /* REAUITests.swift */ = {isa = PBXFileReference; lastKnownFileType = sourcecode.swift; path = REAUITests.swift; sourceTree = "<group>"; };
		AE3DB3CC2DA192C00032901D /* REAUITestsLaunchTests.swift */ = {isa = PBXFileReference; lastKnownFileType = sourcecode.swift; path = REAUITestsLaunchTests.swift; sourceTree = "<group>"; };
		AE3DB3DC2DA193E30032901D /* Question.swift */ = {isa = PBXFileReference; lastKnownFileType = sourcecode.swift; path = Question.swift; sourceTree = "<group>"; };
		AE3DB3DE2DA194030032901D /* QuestionViewModel.swift */ = {isa = PBXFileReference; lastKnownFileType = sourcecode.swift; path = QuestionViewModel.swift; sourceTree = "<group>"; };
		AE3DB3E02DA194140032901D /* ContentView.swift */ = {isa = PBXFileReference; lastKnownFileType = sourcecode.swift; path = ContentView.swift; sourceTree = "<group>"; };
		AE3DB3E22DA1B8B10032901D /* BibleQuestionBank.swift */ = {isa = PBXFileReference; lastKnownFileType = sourcecode.swift; path = BibleQuestionBank.swift; sourceTree = "<group>"; };
		AE3DB3E42DA1BA750032901D /* SelectionView.swift */ = {isa = PBXFileReference; lastKnownFileType = sourcecode.swift; path = SelectionView.swift; sourceTree = "<group>"; };
		AE3DB3EE2DACA20B0032901D /* LaunchScreenView.swift */ = {isa = PBXFileReference; fileEncoding = 4; lastKnownFileType = sourcecode.swift; path = LaunchScreenView.swift; sourceTree = "<group>"; };
		AE3DB3F22DACA2610032901D /* Info.plist */ = {isa = PBXFileReference; fileEncoding = 4; lastKnownFileType = text.plist.xml; path = Info.plist; sourceTree = "<group>"; };
		AE3DB3F42DACAEF30032901D /* OptionView.swift */ = {isa = PBXFileReference; fileEncoding = 4; lastKnownFileType = sourcecode.swift; path = OptionView.swift; sourceTree = "<group>"; };
		AEA276112DAF2F36007618C1 /* ButtonStyles.swift */ = {isa = PBXFileReference; fileEncoding = 4; lastKnownFileType = sourcecode.swift; path = ButtonStyles.swift; sourceTree = "<group>"; };
		AEA276132DAF2F67007618C1 /* ViewModifiers.swift */ = {isa = PBXFileReference; lastKnownFileType = sourcecode.swift; path = ViewModifiers.swift; sourceTree = "<group>"; };
		AEA276152DAF2F77007618C1 /* AppTheme.swift */ = {isa = PBXFileReference; lastKnownFileType = sourcecode.swift; path = AppTheme.swift; sourceTree = "<group>"; };
		AEA276172DAF2F7A007618C1 /* AnimationUtils.swift */ = {isa = PBXFileReference; lastKnownFileType = sourcecode.swift; path = AnimationUtils.swift; sourceTree = "<group>"; };
		AEA276252DAF3C1F007618C1 /* QuestionsDataLoader.swift */ = {isa = PBXFileReference; fileEncoding = 4; lastKnownFileType = sourcecode.swift; name = QuestionsDataLoader.swift; path = REA/Data/QuestionsDataLoader.swift; sourceTree = SOURCE_ROOT; };
		AEA276262DAF3C1F007618C1 /* exodus.json */ = {isa = PBXFileReference; fileEncoding = 4; lastKnownFileType = text.json; name = exodus.json; path = REA/Data/exodus.json; sourceTree = SOURCE_ROOT; };
/* End PBXFileReference section */

/* Begin PBXFrameworksBuildPhase section */
		AE3DB3A82DA192BC0032901D /* Frameworks */ = {
			isa = PBXFrameworksBuildPhase;
			buildActionMask = 2147483647;
			files = (
			);
			runOnlyForDeploymentPostprocessing = 0;
		};
		AE3DB3B92DA192C00032901D /* Frameworks */ = {
			isa = PBXFrameworksBuildPhase;
			buildActionMask = 2147483647;
			files = (
			);
			runOnlyForDeploymentPostprocessing = 0;
		};
		AE3DB3C32DA192C00032901D /* Frameworks */ = {
			isa = PBXFrameworksBuildPhase;
			buildActionMask = 2147483647;
			files = (
			);
			runOnlyForDeploymentPostprocessing = 0;
		};
/* End PBXFrameworksBuildPhase section */

/* Begin PBXGroup section */
		AE3DB3A22DA192BC0032901D = {
			isa = PBXGroup;
			children = (
				AE3DB3AD2DA192BC0032901D /* REA */,
				AE3DB3BF2DA192C00032901D /* REATests */,
				AE3DB3C92DA192C00032901D /* REAUITests */,
				AE3DB3AC2DA192BC0032901D /* Products */,
			);
			sourceTree = "<group>";
		};
		AE3DB3AC2DA192BC0032901D /* Products */ = {
			isa = PBXGroup;
			children = (
				AE3DB3AB2DA192BC0032901D /* REA.app */,
				AE3DB3BC2DA192C00032901D /* REATests.xctest */,
				AE3DB3C62DA192C00032901D /* REAUITests.xctest */,
			);
			name = Products;
			sourceTree = "<group>";
		};
		AE3DB3AD2DA192BC0032901D /* REA */ = {
			isa = PBXGroup;
			children = (
				AEA276242DAF3BF8007618C1 /* BookData */,
				AE3DB3F22DACA2610032901D /* Info.plist */,
				AE3DB3DB2DA193AD0032901D /* Views */,
				AE3DB3DA2DA193A40032901D /* ViewModels */,
				AE3DB3D92DA193940032901D /* Models */,
				AE3DB3AE2DA192BC0032901D /* REAApp.swift */,
				AE3DB3B22DA192BF0032901D /* Assets.xcassets */,
				AE3DB3B42DA192BF0032901D /* REA.entitlements */,
				AE3DB3B52DA192BF0032901D /* Preview Content */,
			);
			path = REA;
			sourceTree = "<group>";
		};
		AE3DB3B52DA192BF0032901D /* Preview Content */ = {
			isa = PBXGroup;
			children = (
				AE3DB3B62DA192BF0032901D /* Preview Assets.xcassets */,
			);
			path = "Preview Content";
			sourceTree = "<group>";
		};
		AE3DB3BF2DA192C00032901D /* REATests */ = {
			isa = PBXGroup;
			children = (
				AE3DB3C02DA192C00032901D /* REATests.swift */,
			);
			path = REATests;
			sourceTree = "<group>";
		};
		AE3DB3C92DA192C00032901D /* REAUITests */ = {
			isa = PBXGroup;
			children = (
				AE3DB3CA2DA192C00032901D /* REAUITests.swift */,
				AE3DB3CC2DA192C00032901D /* REAUITestsLaunchTests.swift */,
			);
			path = REAUITests;
			sourceTree = "<group>";
		};
		AE3DB3D92DA193940032901D /* Models */ = {
			isa = PBXGroup;
			children = (
				AE3DB3DC2DA193E30032901D /* Question.swift */,
				AE3DB3E22DA1B8B10032901D /* BibleQuestionBank.swift */,
			);
			path = Models;
			sourceTree = "<group>";
		};
		AE3DB3DA2DA193A40032901D /* ViewModels */ = {
			isa = PBXGroup;
			children = (
				AE3DB3DE2DA194030032901D /* QuestionViewModel.swift */,
			);
			path = ViewModels;
			sourceTree = "<group>";
		};
		AE3DB3DB2DA193AD0032901D /* Views */ = {
			isa = PBXGroup;
			children = (
				AEA276172DAF2F7A007618C1 /* AnimationUtils.swift */,
				AEA276152DAF2F77007618C1 /* AppTheme.swift */,
				AEA276132DAF2F67007618C1 /* ViewModifiers.swift */,
				AEA276112DAF2F36007618C1 /* ButtonStyles.swift */,
				AE3DB3F42DACAEF30032901D /* OptionView.swift */,
				AE3DB3EE2DACA20B0032901D /* LaunchScreenView.swift */,
				AE3DB3E02DA194140032901D /* ContentView.swift */,
				AE3DB3E42DA1BA750032901D /* SelectionView.swift */,
			);
			path = Views;
			sourceTree = "<group>";
		};
		AEA276242DAF3BF8007618C1 /* BookData */ = {
			isa = PBXGroup;
			children = (
				AEA276262DAF3C1F007618C1 /* exodus.json */,
				AEA276252DAF3C1F007618C1 /* QuestionsDataLoader.swift */,
			);
			path = BookData;
			sourceTree = "<group>";
		};
/* End PBXGroup section */

/* Begin PBXNativeTarget section */
		AE3DB3AA2DA192BC0032901D /* REA */ = {
			isa = PBXNativeTarget;
			buildConfigurationList = AE3DB3D02DA192C00032901D /* Build configuration list for PBXNativeTarget "REA" */;
			buildPhases = (
				AE3DB3A72DA192BC0032901D /* Sources */,
				AE3DB3A82DA192BC0032901D /* Frameworks */,
				AE3DB3A92DA192BC0032901D /* Resources */,
			);
			buildRules = (
			);
			dependencies = (
			);
			name = REA;
			productName = REA;
			productReference = AE3DB3AB2DA192BC0032901D /* REA.app */;
			productType = "com.apple.product-type.application";
		};
		AE3DB3BB2DA192C00032901D /* REATests */ = {
			isa = PBXNativeTarget;
			buildConfigurationList = AE3DB3D32DA192C00032901D /* Build configuration list for PBXNativeTarget "REATests" */;
			buildPhases = (
				AE3DB3B82DA192C00032901D /* Sources */,
				AE3DB3B92DA192C00032901D /* Frameworks */,
				AE3DB3BA2DA192C00032901D /* Resources */,
			);
			buildRules = (
			);
			dependencies = (
				AE3DB3BE2DA192C00032901D /* PBXTargetDependency */,
			);
			name = REATests;
			productName = REATests;
			productReference = AE3DB3BC2DA192C00032901D /* REATests.xctest */;
			productType = "com.apple.product-type.bundle.unit-test";
		};
		AE3DB3C52DA192C00032901D /* REAUITests */ = {
			isa = PBXNativeTarget;
			buildConfigurationList = AE3DB3D62DA192C00032901D /* Build configuration list for PBXNativeTarget "REAUITests" */;
			buildPhases = (
				AE3DB3C22DA192C00032901D /* Sources */,
				AE3DB3C32DA192C00032901D /* Frameworks */,
				AE3DB3C42DA192C00032901D /* Resources */,
			);
			buildRules = (
			);
			dependencies = (
				AE3DB3C82DA192C00032901D /* PBXTargetDependency */,
			);
			name = REAUITests;
			productName = REAUITests;
			productReference = AE3DB3C62DA192C00032901D /* REAUITests.xctest */;
			productType = "com.apple.product-type.bundle.ui-testing";
		};
/* End PBXNativeTarget section */

/* Begin PBXProject section */
		AE3DB3A32DA192BC0032901D /* Project object */ = {
			isa = PBXProject;
			attributes = {
				BuildIndependentTargetsInParallel = 1;
				LastSwiftUpdateCheck = 1520;
				LastUpgradeCheck = 1520;
				TargetAttributes = {
					AE3DB3AA2DA192BC0032901D = {
						CreatedOnToolsVersion = 15.2;
					};
					AE3DB3BB2DA192C00032901D = {
						CreatedOnToolsVersion = 15.2;
						TestTargetID = AE3DB3AA2DA192BC0032901D;
					};
					AE3DB3C52DA192C00032901D = {
						CreatedOnToolsVersion = 15.2;
						TestTargetID = AE3DB3AA2DA192BC0032901D;
					};
				};
			};
			buildConfigurationList = AE3DB3A62DA192BC0032901D /* Build configuration list for PBXProject "REA" */;
			compatibilityVersion = "Xcode 14.0";
			developmentRegion = en;
			hasScannedForEncodings = 0;
			knownRegions = (
				en,
				Base,
			);
			mainGroup = AE3DB3A22DA192BC0032901D;
			productRefGroup = AE3DB3AC2DA192BC0032901D /* Products */;
			projectDirPath = "";
			projectRoot = "";
			targets = (
				AE3DB3AA2DA192BC0032901D /* REA */,
				AE3DB3BB2DA192C00032901D /* REATests */,
				AE3DB3C52DA192C00032901D /* REAUITests */,
			);
		};
/* End PBXProject section */

/* Begin PBXResourcesBuildPhase section */
		AE3DB3A92DA192BC0032901D /* Resources */ = {
			isa = PBXResourcesBuildPhase;
			buildActionMask = 2147483647;
			files = (
				AE3DB3B72DA192BF0032901D /* Preview Assets.xcassets in Resources */,
				AE3DB3B32DA192BF0032901D /* Assets.xcassets in Resources */,
				AEA276282DAF3C1F007618C1 /* exodus.json in Resources */,
			);
			runOnlyForDeploymentPostprocessing = 0;
		};
		AE3DB3BA2DA192C00032901D /* Resources */ = {
			isa = PBXResourcesBuildPhase;
			buildActionMask = 2147483647;
			files = (
			);
			runOnlyForDeploymentPostprocessing = 0;
		};
		AE3DB3C42DA192C00032901D /* Resources */ = {
			isa = PBXResourcesBuildPhase;
			buildActionMask = 2147483647;
			files = (
			);
			runOnlyForDeploymentPostprocessing = 0;
		};
/* End PBXResourcesBuildPhase section */

/* Begin PBXSourcesBuildPhase section */
		AE3DB3A72DA192BC0032901D /* Sources */ = {
			isa = PBXSourcesBuildPhase;
			buildActionMask = 2147483647;
			files = (
				AE3DB3EF2DACA20B0032901D /* LaunchScreenView.swift in Sources */,
				AEA276162DAF2F77007618C1 /* AppTheme.swift in Sources */,
				AE3DB3DD2DA193E30032901D /* Question.swift in Sources */,
				AE3DB3E12DA194140032901D /* ContentView.swift in Sources */,
				AE3DB3DF2DA194030032901D /* QuestionViewModel.swift in Sources */,
				AEA276122DAF2F36007618C1 /* ButtonStyles.swift in Sources */,
				AEA276142DAF2F67007618C1 /* ViewModifiers.swift in Sources */,
				AE3DB3E32DA1B8B10032901D /* BibleQuestionBank.swift in Sources */,
				AEA276182DAF2F7A007618C1 /* AnimationUtils.swift in Sources */,
				AE3DB3AF2DA192BC0032901D /* REAApp.swift in Sources */,
				AEA276272DAF3C1F007618C1 /* QuestionsDataLoader.swift in Sources */,
				AE3DB3E52DA1BA750032901D /* SelectionView.swift in Sources */,
				AE3DB3F52DACAEF40032901D /* OptionView.swift in Sources */,
			);
			runOnlyForDeploymentPostprocessing = 0;
		};
		AE3DB3B82DA192C00032901D /* Sources */ = {
			isa = PBXSourcesBuildPhase;
			buildActionMask = 2147483647;
			files = (
				AE3DB3C12DA192C00032901D /* REATests.swift in Sources */,
			);
			runOnlyForDeploymentPostprocessing = 0;
		};
		AE3DB3C22DA192C00032901D /* Sources */ = {
			isa = PBXSourcesBuildPhase;
			buildActionMask = 2147483647;
			files = (
				AE3DB3CB2DA192C00032901D /* REAUITests.swift in Sources */,
				AE3DB3CD2DA192C00032901D /* REAUITestsLaunchTests.swift in Sources */,
			);
			runOnlyForDeploymentPostprocessing = 0;
		};
/* End PBXSourcesBuildPhase section */

/* Begin PBXTargetDependency section */
		AE3DB3BE2DA192C00032901D /* PBXTargetDependency */ = {
			isa = PBXTargetDependency;
			target = AE3DB3AA2DA192BC0032901D /* REA */;
			targetProxy = AE3DB3BD2DA192C00032901D /* PBXContainerItemProxy */;
		};
		AE3DB3C82DA192C00032901D /* PBXTargetDependency */ = {
			isa = PBXTargetDependency;
			target = AE3DB3AA2DA192BC0032901D /* REA */;
			targetProxy = AE3DB3C72DA192C00032901D /* PBXContainerItemProxy */;
		};
/* End PBXTargetDependency section */

/* Begin XCBuildConfiguration section */
		AE3DB3CE2DA192C00032901D /* Debug */ = {
			isa = XCBuildConfiguration;
			buildSettings = {
				ALWAYS_SEARCH_USER_PATHS = NO;
				ASSETCATALOG_COMPILER_GENERATE_SWIFT_ASSET_SYMBOL_EXTENSIONS = YES;
				CLANG_ANALYZER_NONNULL = YES;
				CLANG_ANALYZER_NUMBER_OBJECT_CONVERSION = YES_AGGRESSIVE;
				CLANG_CXX_LANGUAGE_STANDARD = "gnu++20";
				CLANG_ENABLE_MODULES = YES;
				CLANG_ENABLE_OBJC_ARC = YES;
				CLANG_ENABLE_OBJC_WEAK = YES;
				CLANG_WARN_BLOCK_CAPTURE_AUTORELEASING = YES;
				CLANG_WARN_BOOL_CONVERSION = YES;
				CLANG_WARN_COMMA = YES;
				CLANG_WARN_CONSTANT_CONVERSION = YES;
				CLANG_WARN_DEPRECATED_OBJC_IMPLEMENTATIONS = YES;
				CLANG_WARN_DIRECT_OBJC_ISA_USAGE = YES_ERROR;
				CLANG_WARN_DOCUMENTATION_COMMENTS = YES;
				CLANG_WARN_EMPTY_BODY = YES;
				CLANG_WARN_ENUM_CONVERSION = YES;
				CLANG_WARN_INFINITE_RECURSION = YES;
				CLANG_WARN_INT_CONVERSION = YES;
				CLANG_WARN_NON_LITERAL_NULL_CONVERSION = YES;
				CLANG_WARN_OBJC_IMPLICIT_RETAIN_SELF = YES;
				CLANG_WARN_OBJC_LITERAL_CONVERSION = YES;
				CLANG_WARN_OBJC_ROOT_CLASS = YES_ERROR;
				CLANG_WARN_QUOTED_INCLUDE_IN_FRAMEWORK_HEADER = YES;
				CLANG_WARN_RANGE_LOOP_ANALYSIS = YES;
				CLANG_WARN_STRICT_PROTOTYPES = YES;
				CLANG_WARN_SUSPICIOUS_MOVE = YES;
				CLANG_WARN_UNGUARDED_AVAILABILITY = YES_AGGRESSIVE;
				CLANG_WARN_UNREACHABLE_CODE = YES;
				CLANG_WARN__DUPLICATE_METHOD_MATCH = YES;
				COPY_PHASE_STRIP = NO;
				DEBUG_INFORMATION_FORMAT = dwarf;
				ENABLE_STRICT_OBJC_MSGSEND = YES;
				ENABLE_TESTABILITY = YES;
				ENABLE_USER_SCRIPT_SANDBOXING = YES;
				GCC_C_LANGUAGE_STANDARD = gnu17;
				GCC_DYNAMIC_NO_PIC = NO;
				GCC_NO_COMMON_BLOCKS = YES;
				GCC_OPTIMIZATION_LEVEL = 0;
				GCC_PREPROCESSOR_DEFINITIONS = (
					"DEBUG=1",
					"$(inherited)",
				);
				GCC_WARN_64_TO_32_BIT_CONVERSION = YES;
				GCC_WARN_ABOUT_RETURN_TYPE = YES_ERROR;
				GCC_WARN_UNDECLARED_SELECTOR = YES;
				GCC_WARN_UNINITIALIZED_AUTOS = YES_AGGRESSIVE;
				GCC_WARN_UNUSED_FUNCTION = YES;
				GCC_WARN_UNUSED_VARIABLE = YES;
				LOCALIZATION_PREFERS_STRING_CATALOGS = YES;
				MTL_ENABLE_DEBUG_INFO = INCLUDE_SOURCE;
				MTL_FAST_MATH = YES;
				ONLY_ACTIVE_ARCH = YES;
				SWIFT_ACTIVE_COMPILATION_CONDITIONS = "DEBUG $(inherited)";
				SWIFT_OPTIMIZATION_LEVEL = "-Onone";
			};
			name = Debug;
		};
		AE3DB3CF2DA192C00032901D /* Release */ = {
			isa = XCBuildConfiguration;
			buildSettings = {
				ALWAYS_SEARCH_USER_PATHS = NO;
				ASSETCATALOG_COMPILER_GENERATE_SWIFT_ASSET_SYMBOL_EXTENSIONS = YES;
				CLANG_ANALYZER_NONNULL = YES;
				CLANG_ANALYZER_NUMBER_OBJECT_CONVERSION = YES_AGGRESSIVE;
				CLANG_CXX_LANGUAGE_STANDARD = "gnu++20";
				CLANG_ENABLE_MODULES = YES;
				CLANG_ENABLE_OBJC_ARC = YES;
				CLANG_ENABLE_OBJC_WEAK = YES;
				CLANG_WARN_BLOCK_CAPTURE_AUTORELEASING = YES;
				CLANG_WARN_BOOL_CONVERSION = YES;
				CLANG_WARN_COMMA = YES;
				CLANG_WARN_CONSTANT_CONVERSION = YES;
				CLANG_WARN_DEPRECATED_OBJC_IMPLEMENTATIONS = YES;
				CLANG_WARN_DIRECT_OBJC_ISA_USAGE = YES_ERROR;
				CLANG_WARN_DOCUMENTATION_COMMENTS = YES;
				CLANG_WARN_EMPTY_BODY = YES;
				CLANG_WARN_ENUM_CONVERSION = YES;
				CLANG_WARN_INFINITE_RECURSION = YES;
				CLANG_WARN_INT_CONVERSION = YES;
				CLANG_WARN_NON_LITERAL_NULL_CONVERSION = YES;
				CLANG_WARN_OBJC_IMPLICIT_RETAIN_SELF = YES;
				CLANG_WARN_OBJC_LITERAL_CONVERSION = YES;
				CLANG_WARN_OBJC_ROOT_CLASS = YES_ERROR;
				CLANG_WARN_QUOTED_INCLUDE_IN_FRAMEWORK_HEADER = YES;
				CLANG_WARN_RANGE_LOOP_ANALYSIS = YES;
				CLANG_WARN_STRICT_PROTOTYPES = YES;
				CLANG_WARN_SUSPICIOUS_MOVE = YES;
				CLANG_WARN_UNGUARDED_AVAILABILITY = YES_AGGRESSIVE;
				CLANG_WARN_UNREACHABLE_CODE = YES;
				CLANG_WARN__DUPLICATE_METHOD_MATCH = YES;
				COPY_PHASE_STRIP = NO;
				DEBUG_INFORMATION_FORMAT = "dwarf-with-dsym";
				ENABLE_NS_ASSERTIONS = NO;
				ENABLE_STRICT_OBJC_MSGSEND = YES;
				ENABLE_USER_SCRIPT_SANDBOXING = YES;
				GCC_C_LANGUAGE_STANDARD = gnu17;
				GCC_NO_COMMON_BLOCKS = YES;
				GCC_WARN_64_TO_32_BIT_CONVERSION = YES;
				GCC_WARN_ABOUT_RETURN_TYPE = YES_ERROR;
				GCC_WARN_UNDECLARED_SELECTOR = YES;
				GCC_WARN_UNINITIALIZED_AUTOS = YES_AGGRESSIVE;
				GCC_WARN_UNUSED_FUNCTION = YES;
				GCC_WARN_UNUSED_VARIABLE = YES;
				LOCALIZATION_PREFERS_STRING_CATALOGS = YES;
				MTL_ENABLE_DEBUG_INFO = NO;
				MTL_FAST_MATH = YES;
				SWIFT_COMPILATION_MODE = wholemodule;
			};
			name = Release;
		};
		AE3DB3D12DA192C00032901D /* Debug */ = {
			isa = XCBuildConfiguration;
			buildSettings = {
				ASSETCATALOG_COMPILER_APPICON_NAME = AppIcon;
				ASSETCATALOG_COMPILER_GLOBAL_ACCENT_COLOR_NAME = AccentColor;
				ASSETCATALOG_COMPILER_INCLUDE_ALL_APPICON_ASSETS = YES;
				CODE_SIGN_ENTITLEMENTS = REA/REA.entitlements;
				CODE_SIGN_STYLE = Automatic;
				CURRENT_PROJECT_VERSION = 1;
				DEVELOPMENT_ASSET_PATHS = "\"REA/Preview Content\"";
				ENABLE_PREVIEWS = YES;
				GENERATE_INFOPLIST_FILE = YES;
				INFOPLIST_KEY_LSApplicationCategoryType = "public.app-category.education";
				"INFOPLIST_KEY_UIApplicationSceneManifest_Generation[sdk=iphoneos*]" = YES;
				"INFOPLIST_KEY_UIApplicationSceneManifest_Generation[sdk=iphonesimulator*]" = YES;
				"INFOPLIST_KEY_UIApplicationSupportsIndirectInputEvents[sdk=iphoneos*]" = YES;
				"INFOPLIST_KEY_UIApplicationSupportsIndirectInputEvents[sdk=iphonesimulator*]" = YES;
				"INFOPLIST_KEY_UILaunchScreen_Generation[sdk=iphoneos*]" = YES;
				"INFOPLIST_KEY_UILaunchScreen_Generation[sdk=iphonesimulator*]" = YES;
				INFOPLIST_KEY_UIStatusBarStyle = "";
				"INFOPLIST_KEY_UIStatusBarStyle[sdk=iphoneos*]" = UIStatusBarStyleDefault;
				"INFOPLIST_KEY_UIStatusBarStyle[sdk=iphonesimulator*]" = UIStatusBarStyleDefault;
				INFOPLIST_KEY_UISupportedInterfaceOrientations_iPad = "UIInterfaceOrientationPortrait UIInterfaceOrientationPortraitUpsideDown UIInterfaceOrientationLandscapeLeft UIInterfaceOrientationLandscapeRight";
				INFOPLIST_KEY_UISupportedInterfaceOrientations_iPhone = "UIInterfaceOrientationPortrait UIInterfaceOrientationLandscapeLeft UIInterfaceOrientationLandscapeRight";
				IPHONEOS_DEPLOYMENT_TARGET = 17.2;
				LD_RUNPATH_SEARCH_PATHS = "@executable_path/Frameworks";
				"LD_RUNPATH_SEARCH_PATHS[sdk=macosx*]" = "@executable_path/../Frameworks";
				MACOSX_DEPLOYMENT_TARGET = 13.6;
				MARKETING_VERSION = 1.0;
				PRODUCT_BUNDLE_IDENTIFIER = curateddata.ai.REA;
				PRODUCT_NAME = "$(TARGET_NAME)";
				SDKROOT = auto;
				SUPPORTED_PLATFORMS = "iphoneos iphonesimulator";
				SUPPORTS_MACCATALYST = NO;
				SWIFT_EMIT_LOC_STRINGS = YES;
				SWIFT_VERSION = 5.0;
				TARGETED_DEVICE_FAMILY = "1,2";
			};
			name = Debug;
		};
		AE3DB3D22DA192C00032901D /* Release */ = {
			isa = XCBuildConfiguration;
			buildSettings = {
				ASSETCATALOG_COMPILER_APPICON_NAME = AppIcon;
				ASSETCATALOG_COMPILER_GLOBAL_ACCENT_COLOR_NAME = AccentColor;
				ASSETCATALOG_COMPILER_INCLUDE_ALL_APPICON_ASSETS = YES;
				CODE_SIGN_ENTITLEMENTS = REA/REA.entitlements;
				CODE_SIGN_STYLE = Automatic;
				CURRENT_PROJECT_VERSION = 1;
				DEVELOPMENT_ASSET_PATHS = "\"REA/Preview Content\"";
				ENABLE_PREVIEWS = YES;
				GENERATE_INFOPLIST_FILE = YES;
				INFOPLIST_KEY_LSApplicationCategoryType = "public.app-category.education";
				"INFOPLIST_KEY_UIApplicationSceneManifest_Generation[sdk=iphoneos*]" = YES;
				"INFOPLIST_KEY_UIApplicationSceneManifest_Generation[sdk=iphonesimulator*]" = YES;
				"INFOPLIST_KEY_UIApplicationSupportsIndirectInputEvents[sdk=iphoneos*]" = YES;
				"INFOPLIST_KEY_UIApplicationSupportsIndirectInputEvents[sdk=iphonesimulator*]" = YES;
				"INFOPLIST_KEY_UILaunchScreen_Generation[sdk=iphoneos*]" = YES;
				"INFOPLIST_KEY_UILaunchScreen_Generation[sdk=iphonesimulator*]" = YES;
				INFOPLIST_KEY_UIStatusBarStyle = "";
				"INFOPLIST_KEY_UIStatusBarStyle[sdk=iphoneos*]" = UIStatusBarStyleDefault;
				"INFOPLIST_KEY_UIStatusBarStyle[sdk=iphonesimulator*]" = UIStatusBarStyleDefault;
				INFOPLIST_KEY_UISupportedInterfaceOrientations_iPad = "UIInterfaceOrientationPortrait UIInterfaceOrientationPortraitUpsideDown UIInterfaceOrientationLandscapeLeft UIInterfaceOrientationLandscapeRight";
				INFOPLIST_KEY_UISupportedInterfaceOrientations_iPhone = "UIInterfaceOrientationPortrait UIInterfaceOrientationLandscapeLeft UIInterfaceOrientationLandscapeRight";
				IPHONEOS_DEPLOYMENT_TARGET = 17.2;
				LD_RUNPATH_SEARCH_PATHS = "@executable_path/Frameworks";
				"LD_RUNPATH_SEARCH_PATHS[sdk=macosx*]" = "@executable_path/../Frameworks";
				MACOSX_DEPLOYMENT_TARGET = 13.6;
				MARKETING_VERSION = 1.0;
				PRODUCT_BUNDLE_IDENTIFIER = curateddata.ai.REA;
				PRODUCT_NAME = "$(TARGET_NAME)";
				SDKROOT = auto;
				SUPPORTED_PLATFORMS = "iphoneos iphonesimulator";
				SUPPORTS_MACCATALYST = NO;
				SWIFT_EMIT_LOC_STRINGS = YES;
				SWIFT_VERSION = 5.0;
				TARGETED_DEVICE_FAMILY = "1,2";
			};
			name = Release;
		};
		AE3DB3D42DA192C00032901D /* Debug */ = {
			isa = XCBuildConfiguration;
			buildSettings = {
				ALWAYS_EMBED_SWIFT_STANDARD_LIBRARIES = YES;
				BUNDLE_LOADER = "$(TEST_HOST)";
				CODE_SIGN_STYLE = Automatic;
				CURRENT_PROJECT_VERSION = 1;
				GENERATE_INFOPLIST_FILE = YES;
				IPHONEOS_DEPLOYMENT_TARGET = 17.2;
				MACOSX_DEPLOYMENT_TARGET = 13.6;
				MARKETING_VERSION = 1.0;
				PRODUCT_BUNDLE_IDENTIFIER = curateddata.ai.REATests;
				PRODUCT_NAME = "$(TARGET_NAME)";
				SDKROOT = auto;
				SUPPORTED_PLATFORMS = "iphoneos iphonesimulator macosx";
				SWIFT_EMIT_LOC_STRINGS = NO;
				SWIFT_VERSION = 5.0;
				TARGETED_DEVICE_FAMILY = "1,2";
				TEST_HOST = "$(BUILT_PRODUCTS_DIR)/REA.app/$(BUNDLE_EXECUTABLE_FOLDER_PATH)/REA";
			};
			name = Debug;
		};
		AE3DB3D52DA192C00032901D /* Release */ = {
			isa = XCBuildConfiguration;
			buildSettings = {
				ALWAYS_EMBED_SWIFT_STANDARD_LIBRARIES = YES;
				BUNDLE_LOADER = "$(TEST_HOST)";
				CODE_SIGN_STYLE = Automatic;
				CURRENT_PROJECT_VERSION = 1;
				GENERATE_INFOPLIST_FILE = YES;
				IPHONEOS_DEPLOYMENT_TARGET = 17.2;
				MACOSX_DEPLOYMENT_TARGET = 13.6;
				MARKETING_VERSION = 1.0;
				PRODUCT_BUNDLE_IDENTIFIER = curateddata.ai.REATests;
				PRODUCT_NAME = "$(TARGET_NAME)";
				SDKROOT = auto;
				SUPPORTED_PLATFORMS = "iphoneos iphonesimulator macosx";
				SWIFT_EMIT_LOC_STRINGS = NO;
				SWIFT_VERSION = 5.0;
				TARGETED_DEVICE_FAMILY = "1,2";
				TEST_HOST = "$(BUILT_PRODUCTS_DIR)/REA.app/$(BUNDLE_EXECUTABLE_FOLDER_PATH)/REA";
			};
			name = Release;
		};
		AE3DB3D72DA192C00032901D /* Debug */ = {
			isa = XCBuildConfiguration;
			buildSettings = {
				ALWAYS_EMBED_SWIFT_STANDARD_LIBRARIES = YES;
				CODE_SIGN_STYLE = Automatic;
				CURRENT_PROJECT_VERSION = 1;
				GENERATE_INFOPLIST_FILE = YES;
				IPHONEOS_DEPLOYMENT_TARGET = 17.2;
				MACOSX_DEPLOYMENT_TARGET = 13.6;
				MARKETING_VERSION = 1.0;
				PRODUCT_BUNDLE_IDENTIFIER = curateddata.ai.REAUITests;
				PRODUCT_NAME = "$(TARGET_NAME)";
				SDKROOT = auto;
				SUPPORTED_PLATFORMS = "iphoneos iphonesimulator macosx";
				SWIFT_EMIT_LOC_STRINGS = NO;
				SWIFT_VERSION = 5.0;
				TARGETED_DEVICE_FAMILY = "1,2";
				TEST_TARGET_NAME = REA;
			};
			name = Debug;
		};
		AE3DB3D82DA192C00032901D /* Release */ = {
			isa = XCBuildConfiguration;
			buildSettings = {
				ALWAYS_EMBED_SWIFT_STANDARD_LIBRARIES = YES;
				CODE_SIGN_STYLE = Automatic;
				CURRENT_PROJECT_VERSION = 1;
				GENERATE_INFOPLIST_FILE = YES;
				IPHONEOS_DEPLOYMENT_TARGET = 17.2;
				MACOSX_DEPLOYMENT_TARGET = 13.6;
				MARKETING_VERSION = 1.0;
				PRODUCT_BUNDLE_IDENTIFIER = curateddata.ai.REAUITests;
				PRODUCT_NAME = "$(TARGET_NAME)";
				SDKROOT = auto;
				SUPPORTED_PLATFORMS = "iphoneos iphonesimulator macosx";
				SWIFT_EMIT_LOC_STRINGS = NO;
				SWIFT_VERSION = 5.0;
				TARGETED_DEVICE_FAMILY = "1,2";
				TEST_TARGET_NAME = REA;
			};
			name = Release;
		};
/* End XCBuildConfiguration section */

/* Begin XCConfigurationList section */
		AE3DB3A62DA192BC0032901D /* Build configuration list for PBXProject "REA" */ = {
			isa = XCConfigurationList;
			buildConfigurations = (
				AE3DB3CE2DA192C00032901D /* Debug */,
				AE3DB3CF2DA192C00032901D /* Release */,
			);
			defaultConfigurationIsVisible = 0;
			defaultConfigurationName = Release;
		};
		AE3DB3D02DA192C00032901D /* Build configuration list for PBXNativeTarget "REA" */ = {
			isa = XCConfigurationList;
			buildConfigurations = (
				AE3DB3D12DA192C00032901D /* Debug */,
				AE3DB3D22DA192C00032901D /* Release */,
			);
			defaultConfigurationIsVisible = 0;
			defaultConfigurationName = Release;
		};
		AE3DB3D32DA192C00032901D /* Build configuration list for PBXNativeTarget "REATests" */ = {
			isa = XCConfigurationList;
			buildConfigurations = (
				AE3DB3D42DA192C00032901D /* Debug */,
				AE3DB3D52DA192C00032901D /* Release */,
			);
			defaultConfigurationIsVisible = 0;
			defaultConfigurationName = Release;
		};
		AE3DB3D62DA192C00032901D /* Build configuration list for PBXNativeTarget "REAUITests" */ = {
			isa = XCConfigurationList;
			buildConfigurations = (
				AE3DB3D72DA192C00032901D /* Debug */,
				AE3DB3D82DA192C00032901D /* Release */,
			);
			defaultConfigurationIsVisible = 0;
			defaultConfigurationName = Release;
		};
/* End XCConfigurationList section */
	};
	rootObject = AE3DB3A32DA192BC0032901D /* Project object */;
}
